<?xml version="1.0" encoding="utf-8"?>
<Project ToolsVersion="4.0" xmlns="http://schemas.microsoft.com/developer/msbuild/2003">
  <ItemGroup>
    <Filter Include="00.System">
      <UniqueIdentifier>{b2d479a3-55d6-47ab-adab-d90b4a5e750c}</UniqueIdentifier>
    </Filter>
    <Filter Include="01.Utiltiy">
      <UniqueIdentifier>{a3529259-ffc5-412e-9d9a-1e872134cec1}</UniqueIdentifier>
    </Filter>
    <Filter Include="01.Utiltiy\99.Super">
      <UniqueIdentifier>{27ae1524-ddaa-40e8-a2b1-7074a841dcc7}</UniqueIdentifier>
    </Filter>
    <Filter Include="99.Defines">
      <UniqueIdentifier>{cd0b9cfb-78f2-4c46-84e0-e82bbe5dae30}</UniqueIdentifier>
    </Filter>
    <Filter Include="00.System\00.Timer">
      <UniqueIdentifier>{cbd524ed-ae40-470c-b6d8-00f9f1af5ac8}</UniqueIdentifier>
    </Filter>
    <Filter Include="00.System\01.Device">
      <UniqueIdentifier>{1e2af600-6e9e-45e6-b2d3-0760ec2d75b8}</UniqueIdentifier>
    </Filter>
    <Filter Include="00.System\01.Device\Graphic">
      <UniqueIdentifier>{2c4888b0-db31-45ba-aa7a-78d5f0a2132d}</UniqueIdentifier>
    </Filter>
    <Filter Include="00.System\01.Device\Input">
      <UniqueIdentifier>{75b2ff63-23ce-4fa2-8ece-495b3ab3039f}</UniqueIdentifier>
    </Filter>
    <Filter Include="00.System\01.Device\Sound">
      <UniqueIdentifier>{17de0ee4-1c0e-4c51-976d-f48e8f089447}</UniqueIdentifier>
    </Filter>
    <Filter Include="00.System\00.Timer\Manager">
      <UniqueIdentifier>{a30b1084-b34e-419d-bb1d-1f1f5c8d3fd7}</UniqueIdentifier>
    </Filter>
    <Filter Include="01.Utiltiy\00.GameInstance">
      <UniqueIdentifier>{aa6f228e-028d-4efd-b2f3-39052d369412}</UniqueIdentifier>
    </Filter>
    <Filter Include="01.Utiltiy\01.Level">
      <UniqueIdentifier>{d2acafff-f010-42f6-92f5-eb2ab8db46b9}</UniqueIdentifier>
    </Filter>
    <Filter Include="01.Utiltiy\01.Level\Manager">
      <UniqueIdentifier>{d401dff7-3c68-47ac-9107-431b908baa1f}</UniqueIdentifier>
    </Filter>
    <Filter Include="01.Utiltiy\91.BroadCast">
      <UniqueIdentifier>{d35a6d7b-db5e-4150-bcc3-9626d664ded4}</UniqueIdentifier>
    </Filter>
    <Filter Include="01.Utiltiy\91.BroadCast\Event">
      <UniqueIdentifier>{76036d10-16b1-4848-b3c0-c0d04152ebb6}</UniqueIdentifier>
    </Filter>
    <Filter Include="01.Utiltiy\91.BroadCast\BroadCast">
      <UniqueIdentifier>{5a206849-cf86-43e2-9d09-a27b95c0d14a}</UniqueIdentifier>
    </Filter>
    <Filter Include="01.Utiltiy\90.Optimization">
      <UniqueIdentifier>{55d3fbb0-0e3f-4e1e-9b56-3426f593aab2}</UniqueIdentifier>
    </Filter>
    <Filter Include="01.Utiltiy\98.Utils">
      <UniqueIdentifier>{4c2c40ea-fcb7-46be-97fa-297ebbd16da4}</UniqueIdentifier>
    </Filter>
    <Filter Include="01.Utiltiy\02.GameObject">
      <UniqueIdentifier>{68ba6cd0-6b14-4dc9-9336-cec267f20f0d}</UniqueIdentifier>
    </Filter>
    <Filter Include="01.Utiltiy\02.GameObject\Manager">
      <UniqueIdentifier>{e5b6768b-8e62-4930-8c6b-a6f1199ff91f}</UniqueIdentifier>
    </Filter>
    <Filter Include="01.Utiltiy\04.PipeLine">
      <UniqueIdentifier>{9c06b40a-20b8-45ac-b398-171c249da6e1}</UniqueIdentifier>
    </Filter>
    <Filter Include="01.Utiltiy\03.Components">
      <UniqueIdentifier>{2f7b0f55-c192-41e7-bb1e-3795db1aeefc}</UniqueIdentifier>
    </Filter>
    <Filter Include="01.Utiltiy\03.Components\Manager">
      <UniqueIdentifier>{7968f281-42c6-4235-8f9b-215c2a933d89}</UniqueIdentifier>
    </Filter>
    <Filter Include="01.Utiltiy\03.Components\Component">
      <UniqueIdentifier>{579f572f-3f57-4102-9415-07a88718bf77}</UniqueIdentifier>
    </Filter>
    <Filter Include="01.Utiltiy\05.Frustum">
      <UniqueIdentifier>{c0256b19-f6c3-481b-8ecc-ed705de2ed3e}</UniqueIdentifier>
    </Filter>
    <Filter Include="01.Utiltiy\06.RenderTargets">
      <UniqueIdentifier>{032b95df-ef81-4850-8c88-140304febbf9}</UniqueIdentifier>
    </Filter>
    <Filter Include="01.Utiltiy\03.Components\Component\00.VIBuffer">
      <UniqueIdentifier>{054960ac-dff2-4681-be68-e0df69143c6c}</UniqueIdentifier>
    </Filter>
    <Filter Include="01.Utiltiy\03.Components\Component\00.VIBuffer\Cube">
      <UniqueIdentifier>{9b9e8ba2-12d0-4c8a-b350-584091f11c9f}</UniqueIdentifier>
    </Filter>
    <Filter Include="01.Utiltiy\03.Components\Component\00.VIBuffer\Rect">
      <UniqueIdentifier>{5b1acb5e-7e13-4a2a-8408-5bcc8cf3b7a7}</UniqueIdentifier>
    </Filter>
    <Filter Include="01.Utiltiy\03.Components\Component\00.VIBuffer\Terrain">
      <UniqueIdentifier>{7195c0c9-6fd6-4fb9-a204-50599164d6d7}</UniqueIdentifier>
    </Filter>
    <Filter Include="01.Utiltiy\03.Components\Component\01.Texture">
      <UniqueIdentifier>{53971819-f4f6-455f-b9f4-cb373d914fd4}</UniqueIdentifier>
    </Filter>
    <Filter Include="01.Utiltiy\03.Components\Component\02.Shader">
      <UniqueIdentifier>{59f190c9-1d8f-4887-9b11-d64f61406c89}</UniqueIdentifier>
    </Filter>
    <Filter Include="01.Utiltiy\03.Components\Component\03.Renderer">
      <UniqueIdentifier>{15fe4fbd-6c18-467c-9742-0006c1b4371d}</UniqueIdentifier>
    </Filter>
    <Filter Include="01.Utiltiy\03.Components\Component\04.Transform">
      <UniqueIdentifier>{ba7a5439-f482-4934-b2f6-7da4f347ecf1}</UniqueIdentifier>
    </Filter>
    <Filter Include="01.Utiltiy\03.Components\Component\06.Colliders">
      <UniqueIdentifier>{de621597-40c3-4962-9d8b-e196acfd9294}</UniqueIdentifier>
    </Filter>
    <Filter Include="01.Utiltiy\03.Components\Component\07.RigidBody">
      <UniqueIdentifier>{f323bfa5-b507-4b16-aed8-fb05902b379f}</UniqueIdentifier>
    </Filter>
    <Filter Include="01.Utiltiy\03.Components\Component\08.Model">
      <UniqueIdentifier>{973ad78a-fd9f-4b0b-a486-059a6faded99}</UniqueIdentifier>
    </Filter>
    <Filter Include="01.Utiltiy\03.Components\Component\09.Camera">
      <UniqueIdentifier>{7a6f9cb4-3336-48ef-9244-69267287abfc}</UniqueIdentifier>
    </Filter>
    <Filter Include="01.Utiltiy\03.Components\Component\09.Camera\Manager">
      <UniqueIdentifier>{02fb4a5e-a2ca-46bf-8156-e5f9ed1eb2f3}</UniqueIdentifier>
    </Filter>
    <Filter Include="01.Utiltiy\03.Components\Component\10.Light">
      <UniqueIdentifier>{882d7394-68b4-4f4d-bf2e-f3d18fc82d10}</UniqueIdentifier>
    </Filter>
    <Filter Include="01.Utiltiy\03.Components\Component\11.StateMachine">
      <UniqueIdentifier>{9d3e1fd1-7be8-4ae6-a653-7c608f8b8489}</UniqueIdentifier>
    </Filter>
    <Filter Include="01.Utiltiy\03.Components\Component\11.StateMachine\State">
      <UniqueIdentifier>{80ab0f71-c9ec-4845-af60-5d0db3c98c59}</UniqueIdentifier>
    </Filter>
    <Filter Include="01.Utiltiy\03.Components\Component\12.BehaviourTree">
      <UniqueIdentifier>{23a6d698-a399-41e5-bb42-392d34d90484}</UniqueIdentifier>
    </Filter>
    <Filter Include="01.Utiltiy\03.Components\Component\08.Model\00.Bone">
      <UniqueIdentifier>{9aa9b747-c0aa-4efd-af76-f85e4df08191}</UniqueIdentifier>
    </Filter>
    <Filter Include="01.Utiltiy\03.Components\Component\08.Model\01.Mesh">
      <UniqueIdentifier>{33d5f9dd-8d2b-4218-88b7-4e547100f382}</UniqueIdentifier>
    </Filter>
    <Filter Include="01.Utiltiy\03.Components\Component\08.Model\02.Animation">
      <UniqueIdentifier>{e2b0e1e8-a0cc-4584-8835-344f985d959b}</UniqueIdentifier>
    </Filter>
    <Filter Include="01.Utiltiy\03.Components\Component\08.Model\02.Animation\Channel">
      <UniqueIdentifier>{f6132321-be0f-4fb8-9d49-7b53d56acc50}</UniqueIdentifier>
    </Filter>
    <Filter Include="01.Utiltiy\90.Optimization\02.Profiler">
      <UniqueIdentifier>{4a9a07fc-c7dd-4f2b-85d6-1f700ce09cb3}</UniqueIdentifier>
    </Filter>
    <Filter Include="01.Utiltiy\90.Optimization\00.QuadTree">
      <UniqueIdentifier>{39cef500-f727-44f8-9134-c665703c5885}</UniqueIdentifier>
    </Filter>
    <Filter Include="01.Utiltiy\98.Utils\00.Math">
      <UniqueIdentifier>{c03b4996-fe0b-44ac-974d-d45af3832b2b}</UniqueIdentifier>
    </Filter>
    <Filter Include="01.Utiltiy\98.Utils\01.String">
      <UniqueIdentifier>{6c37fc30-6743-4cc9-a76b-4591f0e254ad}</UniqueIdentifier>
    </Filter>
    <Filter Include="01.Utiltiy\98.Utils\02.File">
      <UniqueIdentifier>{c475d78d-b6e2-4468-8842-370f53cc40f5}</UniqueIdentifier>
    </Filter>
    <Filter Include="01.Utiltiy\98.Utils\03.DebugDraw">
      <UniqueIdentifier>{50c6c987-30ef-4318-aa4a-3934a0a8d646}</UniqueIdentifier>
    </Filter>
    <Filter Include="01.Utiltiy\02.GameObject\Layer">
      <UniqueIdentifier>{8c2666f7-7eb6-4c1f-98fa-b493cdf2443c}</UniqueIdentifier>
    </Filter>
    <Filter Include="01.Utiltiy\03.Components\Component\06.Colliders\Manager">
      <UniqueIdentifier>{b9541f0f-4266-497e-8640-c68a582ef347}</UniqueIdentifier>
    </Filter>
    <Filter Include="01.Utiltiy\03.Components\Component\06.Colliders\Collider">
      <UniqueIdentifier>{5e50bff2-0d08-4ace-96d0-71d247e90087}</UniqueIdentifier>
    </Filter>
    <Filter Include="01.Utiltiy\03.Components\Component\06.Colliders\Collider\OBB">
      <UniqueIdentifier>{c2d9675d-8917-4e80-83c3-3aeb7168fd22}</UniqueIdentifier>
    </Filter>
    <Filter Include="01.Utiltiy\03.Components\Component\06.Colliders\Collider\Sphere">
      <UniqueIdentifier>{210e0de2-af10-4e0e-87fb-9d71f7029ce9}</UniqueIdentifier>
    </Filter>
    <Filter Include="01.Utiltiy\03.Components\Component\06.Colliders\Collider\AABB">
      <UniqueIdentifier>{41c51c31-c9e1-469e-b9c1-a44596daa906}</UniqueIdentifier>
    </Filter>
    <Filter Include="01.Utiltiy\90.Optimization\01.ThreadPool">
      <UniqueIdentifier>{ec2fa25f-940a-45c1-af9e-55a040f3e642}</UniqueIdentifier>
    </Filter>
    <Filter Include="01.Utiltiy\03.Components\Component\10.Light\Manager">
      <UniqueIdentifier>{d774004d-3444-4a8f-9a0b-9227419132a9}</UniqueIdentifier>
    </Filter>
    <Filter Include="01.Utiltiy\03.Components\Component\14.MonoBehaviour">
      <UniqueIdentifier>{09aed11d-2cb8-4746-ac39-0391fe350fae}</UniqueIdentifier>
    </Filter>
    <Filter Include="01.Utiltiy\03.Components\Component\13.Navigation">
      <UniqueIdentifier>{0542f6d8-dea3-4ad6-9afb-3cfdc8149822}</UniqueIdentifier>
    </Filter>
    <Filter Include="01.Utiltiy\03.Components\Component\13.Navigation\Cell">
      <UniqueIdentifier>{40330e0e-2319-44ab-9347-aec355c1695f}</UniqueIdentifier>
    </Filter>
    <Filter Include="01.Utiltiy\03.Components\Component\12.BehaviourTree\00.BlackBoard">
      <UniqueIdentifier>{c6b485d2-db76-4803-be6a-08947c066b8d}</UniqueIdentifier>
    </Filter>
    <Filter Include="01.Utiltiy\03.Components\Component\12.BehaviourTree\01.Node">
      <UniqueIdentifier>{63022527-327c-452e-be61-693a766817e5}</UniqueIdentifier>
    </Filter>
    <Filter Include="01.Utiltiy\03.Components\Component\12.BehaviourTree\01.Node\01.Composit">
      <UniqueIdentifier>{c0ee0fa2-70b3-46cd-a531-886d74a361ff}</UniqueIdentifier>
    </Filter>
    <Filter Include="01.Utiltiy\03.Components\Component\12.BehaviourTree\01.Node\01.Composit\Selector">
      <UniqueIdentifier>{1a6d97ec-eac7-4b6a-8c3d-c91e08691fc9}</UniqueIdentifier>
    </Filter>
    <Filter Include="01.Utiltiy\03.Components\Component\12.BehaviourTree\01.Node\01.Composit\Sequence">
      <UniqueIdentifier>{faf92d62-3793-4f5e-9583-95c2401d196b}</UniqueIdentifier>
    </Filter>
    <Filter Include="01.Utiltiy\03.Components\Component\12.BehaviourTree\01.Node\01.Composit\Parallel">
      <UniqueIdentifier>{14dad74e-6e8e-4583-8ead-0085300c449a}</UniqueIdentifier>
    </Filter>
    <Filter Include="01.Utiltiy\03.Components\Component\12.BehaviourTree\01.Node\03.Action">
      <UniqueIdentifier>{0e455717-1df9-4968-95ad-542b2ff1d096}</UniqueIdentifier>
    </Filter>
    <Filter Include="01.Utiltiy\03.Components\Component\12.BehaviourTree\01.Node\02.Decorator">
      <UniqueIdentifier>{80834f17-9ebf-44d3-9463-70efc5999ea8}</UniqueIdentifier>
    </Filter>
    <Filter Include="01.Utiltiy\03.Components\Component\12.BehaviourTree\01.Node\00.Root">
      <UniqueIdentifier>{92462c25-c76a-4b27-9a54-a41bf069360d}</UniqueIdentifier>
    </Filter>
    <Filter Include="01.Utiltiy\03.Components\Component\12.BehaviourTree\01.Node\03.Action\00.Wait">
      <UniqueIdentifier>{bbe80efd-77d7-4830-8d9f-85ac26f61a05}</UniqueIdentifier>
    </Filter>
  </ItemGroup>
  <ItemGroup>
    <ClInclude Include="..\public\Base.h">
      <Filter>01.Utiltiy\99.Super</Filter>
    </ClInclude>
    <ClInclude Include="..\Public\Engine_Defines.h">
      <Filter>99.Defines</Filter>
    </ClInclude>
    <ClInclude Include="..\Public\Engine_Macro.h">
      <Filter>99.Defines</Filter>
    </ClInclude>
    <ClInclude Include="..\Public\Engine_Struct.h">
      <Filter>99.Defines</Filter>
    </ClInclude>
    <ClInclude Include="..\Public\Engine_Function.h">
      <Filter>99.Defines</Filter>
    </ClInclude>
    <ClInclude Include="..\Public\Timer.h">
      <Filter>00.System\00.Timer</Filter>
    </ClInclude>
    <ClInclude Include="..\Public\Timer_Manager.h">
      <Filter>00.System\00.Timer\Manager</Filter>
    </ClInclude>
    <ClInclude Include="..\Public\Graphic_Device.h">
      <Filter>00.System\01.Device\Graphic</Filter>
    </ClInclude>
    <ClInclude Include="..\public\GameInstance.h">
      <Filter>01.Utiltiy\00.GameInstance</Filter>
    </ClInclude>
    <ClInclude Include="..\public\Level.h">
      <Filter>01.Utiltiy\01.Level</Filter>
    </ClInclude>
    <ClInclude Include="..\public\Level_Manager.h">
      <Filter>01.Utiltiy\01.Level\Manager</Filter>
    </ClInclude>
    <ClInclude Include="..\public\GameObject.h">
      <Filter>01.Utiltiy\02.GameObject</Filter>
    </ClInclude>
    <ClInclude Include="..\public\Object_Manager.h">
      <Filter>01.Utiltiy\02.GameObject\Manager</Filter>
    </ClInclude>
    <ClInclude Include="..\public\Layer.h">
      <Filter>01.Utiltiy\02.GameObject\Layer</Filter>
    </ClInclude>
    <ClInclude Include="..\public\Renderer.h">
      <Filter>01.Utiltiy\03.Components\Component\03.Renderer</Filter>
    </ClInclude>
    <ClInclude Include="..\public\Component_Manager.h">
      <Filter>01.Utiltiy\03.Components\Manager</Filter>
    </ClInclude>
    <ClInclude Include="..\public\Shader.h">
      <Filter>01.Utiltiy\03.Components\Component\02.Shader</Filter>
    </ClInclude>
    <ClInclude Include="..\Public\SimpleMath.h">
      <Filter>01.Utiltiy\98.Utils\00.Math</Filter>
    </ClInclude>
    <ClInclude Include="..\Public\Util_File.h">
      <Filter>01.Utiltiy\98.Utils\02.File</Filter>
    </ClInclude>
    <ClInclude Include="..\Public\Util_String.h">
      <Filter>01.Utiltiy\98.Utils\01.String</Filter>
    </ClInclude>
    <ClInclude Include="..\Public\MonoBehaviour.h">
      <Filter>01.Utiltiy\03.Components\Component\14.MonoBehaviour</Filter>
    </ClInclude>
    <ClInclude Include="..\Public\State.h">
      <Filter>01.Utiltiy\03.Components\Component\11.StateMachine\State</Filter>
    </ClInclude>
    <ClInclude Include="..\Public\StateMachine.h">
      <Filter>01.Utiltiy\03.Components\Component\11.StateMachine</Filter>
    </ClInclude>
    <ClInclude Include="..\Public\Texture.h">
      <Filter>01.Utiltiy\03.Components\Component\01.Texture</Filter>
    </ClInclude>
    <ClInclude Include="..\Public\BehaviourTree.h">
      <Filter>01.Utiltiy\03.Components\Component\12.BehaviourTree</Filter>
    </ClInclude>
    <ClInclude Include="..\Public\Node.h">
      <Filter>01.Utiltiy\03.Components\Component\12.BehaviourTree\01.Node</Filter>
    </ClInclude>
    <ClInclude Include="..\Public\Blackboard.h">
      <Filter>01.Utiltiy\03.Components\Component\12.BehaviourTree\00.BlackBoard</Filter>
    </ClInclude>
    <ClInclude Include="..\Public\Node_Action.h">
      <Filter>01.Utiltiy\03.Components\Component\12.BehaviourTree\01.Node\03.Action</Filter>
    </ClInclude>
    <ClInclude Include="..\Public\Node_Selector.h">
      <Filter>01.Utiltiy\03.Components\Component\12.BehaviourTree\01.Node\01.Composit\Selector</Filter>
    </ClInclude>
    <ClInclude Include="..\Public\Node_Sequence.h">
      <Filter>01.Utiltiy\03.Components\Component\12.BehaviourTree\01.Node\01.Composit\Sequence</Filter>
    </ClInclude>
    <ClInclude Include="..\Public\Node_Root.h">
      <Filter>01.Utiltiy\03.Components\Component\12.BehaviourTree\01.Node\00.Root</Filter>
    </ClInclude>
    <ClInclude Include="..\Public\Node_Parallel.h">
      <Filter>01.Utiltiy\03.Components\Component\12.BehaviourTree\01.Node\01.Composit\Parallel</Filter>
    </ClInclude>
    <ClInclude Include="..\Public\Transform.h">
      <Filter>01.Utiltiy\03.Components\Component\04.Transform</Filter>
    </ClInclude>
    <ClInclude Include="..\Public\Profiler_Manager.h">
      <Filter>01.Utiltiy\90.Optimization\02.Profiler</Filter>
    </ClInclude>
    <ClInclude Include="..\Public\Input_Device.h">
      <Filter>00.System\01.Device\Input</Filter>
    </ClInclude>
    <ClInclude Include="..\Public\PipeLine.h">
      <Filter>01.Utiltiy\04.PipeLine</Filter>
    </ClInclude>
    <ClInclude Include="..\public\Component.h">
      <Filter>01.Utiltiy\03.Components\Component</Filter>
    </ClInclude>
    <ClInclude Include="..\Public\Channel.h">
      <Filter>01.Utiltiy\03.Components\Component\08.Model\02.Animation\Channel</Filter>
    </ClInclude>
    <ClInclude Include="..\Public\Bone.h">
      <Filter>01.Utiltiy\03.Components\Component\08.Model\00.Bone</Filter>
    </ClInclude>
    <ClInclude Include="..\Public\Mesh.h">
      <Filter>01.Utiltiy\03.Components\Component\08.Model\01.Mesh</Filter>
    </ClInclude>
    <ClInclude Include="..\Public\Animation.h">
      <Filter>01.Utiltiy\03.Components\Component\08.Model\02.Animation</Filter>
    </ClInclude>
    <ClInclude Include="..\Public\Model.h">
      <Filter>01.Utiltiy\03.Components\Component\08.Model</Filter>
    </ClInclude>
    <ClInclude Include="..\Public\VIBuffer.h">
      <Filter>01.Utiltiy\03.Components\Component\00.VIBuffer</Filter>
    </ClInclude>
    <ClInclude Include="..\Public\VIBuffer_Cube.h">
      <Filter>01.Utiltiy\03.Components\Component\00.VIBuffer\Cube</Filter>
    </ClInclude>
    <ClInclude Include="..\Public\VIBuffer_Rect.h">
      <Filter>01.Utiltiy\03.Components\Component\00.VIBuffer\Rect</Filter>
    </ClInclude>
    <ClInclude Include="..\Public\VIBuffer_Terrain.h">
      <Filter>01.Utiltiy\03.Components\Component\00.VIBuffer\Terrain</Filter>
    </ClInclude>
    <ClInclude Include="..\Public\Collider_AABB.h">
      <Filter>01.Utiltiy\03.Components\Component\06.Colliders\Collider\AABB</Filter>
    </ClInclude>
    <ClInclude Include="..\Public\Collider_OBB.h">
      <Filter>01.Utiltiy\03.Components\Component\06.Colliders\Collider\OBB</Filter>
    </ClInclude>
    <ClInclude Include="..\Public\Collider_Sphere.h">
      <Filter>01.Utiltiy\03.Components\Component\06.Colliders\Collider\Sphere</Filter>
    </ClInclude>
    <ClInclude Include="..\Public\DebugDraw.h">
      <Filter>01.Utiltiy\98.Utils\03.DebugDraw</Filter>
    </ClInclude>
    <ClInclude Include="..\Public\QuadTree.h">
      <Filter>01.Utiltiy\90.Optimization\00.QuadTree</Filter>
    </ClInclude>
    <ClInclude Include="..\Public\Frustum.h">
      <Filter>01.Utiltiy\05.Frustum</Filter>
    </ClInclude>
    <ClInclude Include="..\Public\RenderTarget.h">
      <Filter>01.Utiltiy\06.RenderTargets</Filter>
    </ClInclude>
    <ClInclude Include="..\Public\Collision_Manager.h">
      <Filter>01.Utiltiy\03.Components\Component\06.Colliders\Manager</Filter>
    </ClInclude>
    <ClInclude Include="..\Public\Engine_Typedef.h">
      <Filter>99.Defines</Filter>
    </ClInclude>
    <ClInclude Include="..\Public\ThreadPool.h">
      <Filter>01.Utiltiy\90.Optimization\01.ThreadPool</Filter>
    </ClInclude>
    <ClInclude Include="..\Public\Collider.h">
      <Filter>01.Utiltiy\03.Components\Component\06.Colliders\Collider</Filter>
    </ClInclude>
    <ClInclude Include="..\Public\Camera_Manager.h">
      <Filter>01.Utiltiy\03.Components\Component\09.Camera\Manager</Filter>
    </ClInclude>
    <ClInclude Include="..\Public\Camera.h">
      <Filter>01.Utiltiy\03.Components\Component\09.Camera</Filter>
    </ClInclude>
    <ClInclude Include="..\Public\Navigation.h">
      <Filter>01.Utiltiy\03.Components\Component\13.Navigation</Filter>
    </ClInclude>
    <ClInclude Include="..\Public\Cell.h">
      <Filter>01.Utiltiy\03.Components\Component\13.Navigation\Cell</Filter>
    </ClInclude>
    <ClInclude Include="..\Public\Node_Wait.h">
      <Filter>01.Utiltiy\03.Components\Component\12.BehaviourTree\01.Node\03.Action\00.Wait</Filter>
    </ClInclude>
  </ItemGroup>
  <ItemGroup>
    <ClCompile Include="..\private\Base.cpp">
      <Filter>01.Utiltiy\99.Super</Filter>
    </ClCompile>
    <ClCompile Include="..\Private\Timer.cpp">
      <Filter>00.System\00.Timer</Filter>
    </ClCompile>
    <ClCompile Include="..\Private\Timer_Manager.cpp">
      <Filter>00.System\00.Timer\Manager</Filter>
    </ClCompile>
    <ClCompile Include="..\Private\Graphic_Device.cpp">
      <Filter>00.System\01.Device\Graphic</Filter>
    </ClCompile>
    <ClCompile Include="..\private\GameInstance.cpp">
      <Filter>01.Utiltiy\00.GameInstance</Filter>
    </ClCompile>
    <ClCompile Include="..\private\Level.cpp">
      <Filter>01.Utiltiy\01.Level</Filter>
    </ClCompile>
    <ClCompile Include="..\private\Level_Manager.cpp">
      <Filter>01.Utiltiy\01.Level\Manager</Filter>
    </ClCompile>
    <ClCompile Include="..\private\GameObject.cpp">
      <Filter>01.Utiltiy\02.GameObject</Filter>
    </ClCompile>
    <ClCompile Include="..\private\Object_Manager.cpp">
      <Filter>01.Utiltiy\02.GameObject\Manager</Filter>
    </ClCompile>
    <ClCompile Include="..\private\Layer.cpp">
      <Filter>01.Utiltiy\02.GameObject\Layer</Filter>
    </ClCompile>
    <ClCompile Include="..\private\Renderer.cpp">
      <Filter>01.Utiltiy\03.Components\Component\03.Renderer</Filter>
    </ClCompile>
    <ClCompile Include="..\private\Component_Manager.cpp">
      <Filter>01.Utiltiy\03.Components\Manager</Filter>
    </ClCompile>
    <ClCompile Include="..\private\Shader.cpp">
      <Filter>01.Utiltiy\03.Components\Component\02.Shader</Filter>
    </ClCompile>
    <ClCompile Include="..\Public\Engine_Struct.cpp">
      <Filter>99.Defines</Filter>
    </ClCompile>
    <ClCompile Include="..\Private\SimpleMath.cpp">
      <Filter>01.Utiltiy\98.Utils\00.Math</Filter>
    </ClCompile>
    <ClCompile Include="..\Private\Util_File.cpp">
      <Filter>01.Utiltiy\98.Utils\02.File</Filter>
    </ClCompile>
    <ClCompile Include="..\Private\Util_String.cpp">
      <Filter>01.Utiltiy\98.Utils\01.String</Filter>
    </ClCompile>
    <ClCompile Include="..\Private\MonoBehaviour.cpp">
      <Filter>01.Utiltiy\03.Components\Component\14.MonoBehaviour</Filter>
    </ClCompile>
    <ClCompile Include="..\Private\State.cpp">
      <Filter>01.Utiltiy\03.Components\Component\11.StateMachine\State</Filter>
    </ClCompile>
    <ClCompile Include="..\Private\StateMachine.cpp">
      <Filter>01.Utiltiy\03.Components\Component\11.StateMachine</Filter>
    </ClCompile>
    <ClCompile Include="..\Private\Texture.cpp">
      <Filter>01.Utiltiy\03.Components\Component\01.Texture</Filter>
    </ClCompile>
    <ClCompile Include="..\Private\BehaviourTree.cpp">
      <Filter>01.Utiltiy\03.Components\Component\12.BehaviourTree</Filter>
    </ClCompile>
    <ClCompile Include="..\Private\Blackboard.cpp">
      <Filter>01.Utiltiy\03.Components\Component\12.BehaviourTree\00.BlackBoard</Filter>
    </ClCompile>
    <ClCompile Include="..\Private\Node.cpp">
      <Filter>01.Utiltiy\03.Components\Component\12.BehaviourTree\01.Node</Filter>
    </ClCompile>
    <ClCompile Include="..\Private\Node_Action.cpp">
      <Filter>01.Utiltiy\03.Components\Component\12.BehaviourTree\01.Node\03.Action</Filter>
    </ClCompile>
    <ClCompile Include="..\Private\Node_Selector.cpp">
      <Filter>01.Utiltiy\03.Components\Component\12.BehaviourTree\01.Node\01.Composit\Selector</Filter>
    </ClCompile>
    <ClCompile Include="..\Private\Node_Sequence.cpp">
      <Filter>01.Utiltiy\03.Components\Component\12.BehaviourTree\01.Node\01.Composit\Sequence</Filter>
    </ClCompile>
    <ClCompile Include="..\Private\Node_Root.cpp">
      <Filter>01.Utiltiy\03.Components\Component\12.BehaviourTree\01.Node\00.Root</Filter>
    </ClCompile>
    <ClCompile Include="..\Private\Node_Parallel.cpp">
      <Filter>01.Utiltiy\03.Components\Component\12.BehaviourTree\01.Node\01.Composit\Parallel</Filter>
    </ClCompile>
    <ClCompile Include="..\Private\Transform.cpp">
      <Filter>01.Utiltiy\03.Components\Component\04.Transform</Filter>
    </ClCompile>
    <ClCompile Include="..\Private\Profiler_Manager.cpp">
      <Filter>01.Utiltiy\90.Optimization\02.Profiler</Filter>
    </ClCompile>
    <ClCompile Include="..\Private\Input_Device.cpp">
      <Filter>00.System\01.Device\Input</Filter>
    </ClCompile>
    <ClCompile Include="..\Private\PipeLine.cpp">
      <Filter>01.Utiltiy\04.PipeLine</Filter>
    </ClCompile>
    <ClCompile Include="..\private\Component.cpp">
      <Filter>01.Utiltiy\03.Components\Component</Filter>
    </ClCompile>
    <ClCompile Include="..\Private\Channel.cpp">
      <Filter>01.Utiltiy\03.Components\Component\08.Model\02.Animation\Channel</Filter>
    </ClCompile>
    <ClCompile Include="..\Private\Bone.cpp">
      <Filter>01.Utiltiy\03.Components\Component\08.Model\00.Bone</Filter>
    </ClCompile>
    <ClCompile Include="..\Private\Mesh.cpp">
      <Filter>01.Utiltiy\03.Components\Component\08.Model\01.Mesh</Filter>
    </ClCompile>
    <ClCompile Include="..\Private\Animation.cpp">
      <Filter>01.Utiltiy\03.Components\Component\08.Model\02.Animation</Filter>
    </ClCompile>
    <ClCompile Include="..\Private\Model.cpp">
      <Filter>01.Utiltiy\03.Components\Component\08.Model</Filter>
    </ClCompile>
    <ClCompile Include="..\Private\VIBuffer.cpp">
      <Filter>01.Utiltiy\03.Components\Component\00.VIBuffer</Filter>
    </ClCompile>
    <ClCompile Include="..\Private\VIBuffer_Cube.cpp">
      <Filter>01.Utiltiy\03.Components\Component\00.VIBuffer\Cube</Filter>
    </ClCompile>
    <ClCompile Include="..\Private\VIBuffer_Rect.cpp">
      <Filter>01.Utiltiy\03.Components\Component\00.VIBuffer\Rect</Filter>
    </ClCompile>
    <ClCompile Include="..\Private\VIBuffer_Terrain.cpp">
      <Filter>01.Utiltiy\03.Components\Component\00.VIBuffer\Terrain</Filter>
    </ClCompile>
    <ClCompile Include="..\Private\Collider_AABB.cpp">
      <Filter>01.Utiltiy\03.Components\Component\06.Colliders\Collider\AABB</Filter>
    </ClCompile>
    <ClCompile Include="..\Private\Collider_OBB.cpp">
      <Filter>01.Utiltiy\03.Components\Component\06.Colliders\Collider\OBB</Filter>
    </ClCompile>
    <ClCompile Include="..\Private\Collider_Sphere.cpp">
      <Filter>01.Utiltiy\03.Components\Component\06.Colliders\Collider\Sphere</Filter>
    </ClCompile>
    <ClCompile Include="..\Private\DebugDraw.cpp">
      <Filter>01.Utiltiy\98.Utils\03.DebugDraw</Filter>
    </ClCompile>
    <ClCompile Include="..\Private\QuadTree.cpp">
      <Filter>01.Utiltiy\90.Optimization\00.QuadTree</Filter>
    </ClCompile>
    <ClCompile Include="..\Private\Frustum.cpp">
      <Filter>01.Utiltiy\05.Frustum</Filter>
    </ClCompile>
    <ClCompile Include="..\Private\RenderTarget.cpp">
      <Filter>01.Utiltiy\06.RenderTargets</Filter>
    </ClCompile>
    <ClCompile Include="..\Private\Collision_Manager.cpp">
      <Filter>01.Utiltiy\03.Components\Component\06.Colliders\Manager</Filter>
    </ClCompile>
    <ClCompile Include="..\Private\ThreadPool.cpp">
      <Filter>01.Utiltiy\90.Optimization\01.ThreadPool</Filter>
    </ClCompile>
    <ClCompile Include="..\Private\Collider.cpp">
      <Filter>01.Utiltiy\03.Components\Component\06.Colliders\Collider</Filter>
    </ClCompile>
    <ClCompile Include="..\Private\Camera_Manager.cpp">
      <Filter>01.Utiltiy\03.Components\Component\09.Camera\Manager</Filter>
    </ClCompile>
    <ClCompile Include="..\Private\Camera.cpp">
      <Filter>01.Utiltiy\03.Components\Component\09.Camera</Filter>
    </ClCompile>
    <ClCompile Include="..\Private\Navigation.cpp">
      <Filter>01.Utiltiy\03.Components\Component\13.Navigation</Filter>
    </ClCompile>
    <ClCompile Include="..\Private\Cell.cpp">
      <Filter>01.Utiltiy\03.Components\Component\13.Navigation\Cell</Filter>
    </ClCompile>
    <ClCompile Include="..\Private\Node_Wait.cpp">
      <Filter>01.Utiltiy\03.Components\Component\12.BehaviourTree\01.Node\03.Action\00.Wait</Filter>
    </ClCompile>
  </ItemGroup>
  <ItemGroup>
    <None Include="..\Public\SimpleMath.inl">
      <Filter>01.Utiltiy\98.Utils\00.Math</Filter>
    </None>
  </ItemGroup>
</Project>