<?xml version="1.0" encoding="utf-8"?>
<Project ToolsVersion="4.0" xmlns="http://schemas.microsoft.com/developer/msbuild/2003">
  <ItemGroup>
    <Filter Include="98.Default">
      <UniqueIdentifier>{068ac4ae-308f-439b-8a7d-d5b077bfb9ee}</UniqueIdentifier>
    </Filter>
    <Filter Include="99.Defines">
      <UniqueIdentifier>{2bded693-1033-4e35-ab2d-2f7f292e232a}</UniqueIdentifier>
    </Filter>
    <Filter Include="00.MainApp">
      <UniqueIdentifier>{016817f4-efd3-4ed6-ba0e-c59d21242465}</UniqueIdentifier>
    </Filter>
    <Filter Include="01.Levels">
      <UniqueIdentifier>{9927bfef-90a5-4e11-8212-cacd67d008c7}</UniqueIdentifier>
    </Filter>
    <Filter Include="01.Levels\00.Logo">
      <UniqueIdentifier>{f7bf0f5d-9c1a-409d-ba96-8f25a183dad7}</UniqueIdentifier>
    </Filter>
    <Filter Include="01.Levels\99.Loading">
      <UniqueIdentifier>{d3df9124-96f6-4c1d-a02e-1d2d51e29c9b}</UniqueIdentifier>
    </Filter>
    <Filter Include="01.Levels\99.Loading\Loader">
      <UniqueIdentifier>{04c05968-cb34-4cec-89e2-639b898c25fc}</UniqueIdentifier>
    </Filter>
    <Filter Include="02.GameObjects">
      <UniqueIdentifier>{d435cd37-10c5-4f6c-a2f1-ee72504bbb59}</UniqueIdentifier>
    </Filter>
    <Filter Include="98.Default\ImGui">
      <UniqueIdentifier>{1937ed4e-d435-43b8-956f-09b97fe7c7ef}</UniqueIdentifier>
    </Filter>
    <Filter Include="96.ShaderFiles">
      <UniqueIdentifier>{a631185a-1555-4b19-8534-272c809d77b7}</UniqueIdentifier>
    </Filter>
    <Filter Include="97.ImGui">
      <UniqueIdentifier>{700840b3-8278-4149-aec5-245a4d69cf58}</UniqueIdentifier>
    </Filter>
    <Filter Include="97.ImGui\Manager">
      <UniqueIdentifier>{ae665d5d-3931-498f-b439-76f319cca696}</UniqueIdentifier>
    </Filter>
    <Filter Include="97.ImGui\Windows">
      <UniqueIdentifier>{58e9641a-5e91-4bbe-8558-7dcc06dd06e5}</UniqueIdentifier>
    </Filter>
    <Filter Include="97.ImGui\Windows\00.Controller">
      <UniqueIdentifier>{d5ec2c91-2d9e-4e57-95a5-576bf7b84325}</UniqueIdentifier>
    </Filter>
    <Filter Include="97.ImGui\Windows\01.Object">
      <UniqueIdentifier>{ae165aa8-c601-4dfd-811c-cb5d819d7134}</UniqueIdentifier>
    </Filter>
    <Filter Include="97.ImGui\Windows\02.Hierarachy">
      <UniqueIdentifier>{3bf209e3-4602-41fc-b34a-09431189ee60}</UniqueIdentifier>
    </Filter>
    <Filter Include="97.ImGui\Windows\03.Sub">
      <UniqueIdentifier>{f6477610-fb6a-48a9-9359-e3b145365c49}</UniqueIdentifier>
    </Filter>
    <Filter Include="97.ImGui\Windows\03.Sub\00.Object_Components">
      <UniqueIdentifier>{7d62c950-b215-4662-a74f-672e4bb8d4d4}</UniqueIdentifier>
    </Filter>
    <Filter Include="97.ImGui\Windows\03.Sub\01.Hierarachy_Prefabs">
      <UniqueIdentifier>{fec1a2e0-72f7-4c59-a278-4159940fa0fc}</UniqueIdentifier>
    </Filter>
    <Filter Include="97.ImGui\Windows\04.Demo">
      <UniqueIdentifier>{d900bdc0-016c-4311-a8b5-aa79439f9305}</UniqueIdentifier>
    </Filter>
    <Filter Include="01.Levels\02.Ending">
      <UniqueIdentifier>{a3fb452d-868d-42bc-a99b-d12613c146a3}</UniqueIdentifier>
    </Filter>
    <Filter Include="01.Levels\98.Proto">
      <UniqueIdentifier>{b4248e0b-da12-45df-acaf-494f8e50ae75}</UniqueIdentifier>
    </Filter>
    <Filter Include="98.Default\NotUsed">
      <UniqueIdentifier>{11978b59-520d-430c-8090-add27548551a}</UniqueIdentifier>
    </Filter>
    <Filter Include="02.GameObjects\00.Camera">
      <UniqueIdentifier>{7d317796-38ec-4bb9-8a8d-b31a6461dfff}</UniqueIdentifier>
    </Filter>
    <Filter Include="02.GameObjects\01.Environment">
      <UniqueIdentifier>{19639fc5-bbcb-4d89-8030-1ca3fff62c92}</UniqueIdentifier>
    </Filter>
    <Filter Include="02.GameObjects\02.Light">
      <UniqueIdentifier>{ec62a095-9b5c-473b-8346-ae77c4962129}</UniqueIdentifier>
    </Filter>
    <Filter Include="02.GameObjects\03.Character">
      <UniqueIdentifier>{61401bf3-d2cc-46e0-9502-ab143843e14a}</UniqueIdentifier>
    </Filter>
    <Filter Include="02.GameObjects\03.Character\99.Proto">
      <UniqueIdentifier>{a574bb1d-749c-4fb5-bf19-b9a30b09a18d}</UniqueIdentifier>
    </Filter>
    <Filter Include="02.GameObjects\03.Character\99.Proto\Fiona">
      <UniqueIdentifier>{36882f13-5282-49c7-a347-899f85859c54}</UniqueIdentifier>
    </Filter>
    <Filter Include="02.GameObjects\00.Camera\00.Debug">
      <UniqueIdentifier>{e918d286-66bb-42bb-ade7-1bbabe202863}</UniqueIdentifier>
    </Filter>
    <Filter Include="02.GameObjects\00.Camera\01.Target">
      <UniqueIdentifier>{5a473209-8b19-4c2d-9fe7-42a15c3bf6bd}</UniqueIdentifier>
    </Filter>
    <Filter Include="02.GameObjects\01.Environment\00.Static">
      <UniqueIdentifier>{e151be76-84ac-4349-93d8-75c7d1b50d66}</UniqueIdentifier>
    </Filter>
    <Filter Include="02.GameObjects\02.Light\00.Directional">
      <UniqueIdentifier>{fd10c28d-7c9b-481f-9e12-de5b00b280bc}</UniqueIdentifier>
    </Filter>
    <Filter Include="02.GameObjects\02.Light\01.Point">
      <UniqueIdentifier>{de47ffd3-fa1f-4589-a855-282a1afa93d4}</UniqueIdentifier>
    </Filter>
    <Filter Include="02.GameObjects\02.Light\02.Spot">
      <UniqueIdentifier>{13ca8632-80ff-4136-b4b8-d91ac4a665f3}</UniqueIdentifier>
    </Filter>
    <Filter Include="02.GameObjects\04.Item">
      <UniqueIdentifier>{7207c15a-e9a5-42ba-a112-c00f7324aa12}</UniqueIdentifier>
    </Filter>
    <Filter Include="02.GameObjects\10.UI">
      <UniqueIdentifier>{5de9c8c8-1e5e-499f-b807-f2014459b89d}</UniqueIdentifier>
    </Filter>
    <Filter Include="02.GameObjects\10.UI\99.Proto">
      <UniqueIdentifier>{37a56d44-1727-4244-853d-8912517a5f1a}</UniqueIdentifier>
    </Filter>
    <Filter Include="01.Levels\01.Stage">
      <UniqueIdentifier>{001c8170-e0a0-429b-96c3-38ac67fa7a9c}</UniqueIdentifier>
    </Filter>
    <Filter Include="01.Levels\01.Stage\Stage_03">
      <UniqueIdentifier>{e49f063f-84b0-47dc-81eb-542d4a103122}</UniqueIdentifier>
    </Filter>
    <Filter Include="01.Levels\01.Stage\Stage_02">
      <UniqueIdentifier>{cd2cc360-906f-418b-aeb7-25824b6233ef}</UniqueIdentifier>
    </Filter>
    <Filter Include="01.Levels\01.Stage\Stage_01">
      <UniqueIdentifier>{8501a2da-fead-442c-a8a6-46c59345adad}</UniqueIdentifier>
    </Filter>
    <Filter Include="02.GameObjects\01.Environment\00.Static\StaticDummy">
      <UniqueIdentifier>{740c7b71-1c0a-4ebc-9619-28a0fc0626b5}</UniqueIdentifier>
    </Filter>
    <Filter Include="02.GameObjects\01.Environment\99.Terrain">
      <UniqueIdentifier>{39cbdfb5-bb6c-40ec-a138-fdd9bc2c1663}</UniqueIdentifier>
    </Filter>
    <Filter Include="02.GameObjects\01.Environment\01.Anim">
      <UniqueIdentifier>{8fb0483e-5266-43dc-92e3-d568cc733951}</UniqueIdentifier>
    </Filter>
    <Filter Include="02.GameObjects\01.Environment\01.Anim\Trigger">
      <UniqueIdentifier>{355ae19c-b78b-4b4a-b4e9-5fa4e6cf8f34}</UniqueIdentifier>
    </Filter>
    <Filter Include="02.GameObjects\01.Environment\01.Anim\Moveable">
      <UniqueIdentifier>{c826dd7b-e31c-4f41-80f9-bfda419f6dd5}</UniqueIdentifier>
    </Filter>
    <Filter Include="02.GameObjects\04.Item\00.Equipments">
      <UniqueIdentifier>{98d11fb4-e468-47cc-98d6-ca279fbd391b}</UniqueIdentifier>
    </Filter>
    <Filter Include="02.GameObjects\04.Item\01.Consumptions">
      <UniqueIdentifier>{a66785c3-ac6b-45b9-bf02-f90eb0eebe7c}</UniqueIdentifier>
    </Filter>
    <Filter Include="02.GameObjects\03.Character\02.NPC">
      <UniqueIdentifier>{400c1cb4-75ac-4a99-bc55-470322a4b2a8}</UniqueIdentifier>
    </Filter>
    <Filter Include="02.GameObjects\03.Character\02.NPC\BehaviourTree">
      <UniqueIdentifier>{207d0508-a741-48ad-9799-79381a8db791}</UniqueIdentifier>
    </Filter>
    <Filter Include="02.GameObjects\03.Character\02.NPC\BehaviourTree\Node">
      <UniqueIdentifier>{7eaab9ba-f843-43ce-b19a-2e07c2861e5e}</UniqueIdentifier>
    </Filter>
    <Filter Include="02.GameObjects\03.Character\01.Enemy">
      <UniqueIdentifier>{d8a59102-c15d-4530-9b3a-1b805113122c}</UniqueIdentifier>
    </Filter>
    <Filter Include="02.GameObjects\03.Character\01.Enemy\BehaviourTree">
      <UniqueIdentifier>{0bd0f243-b8b2-4027-b9b8-3ebef4375173}</UniqueIdentifier>
    </Filter>
    <Filter Include="02.GameObjects\03.Character\01.Enemy\BehaviourTree\Node">
      <UniqueIdentifier>{62e468e1-c067-4119-9433-31c56f9bc1fe}</UniqueIdentifier>
    </Filter>
    <Filter Include="02.GameObjects\03.Character\00.Player">
      <UniqueIdentifier>{8c788c76-03cd-4d87-8f0c-9b9fe84197ec}</UniqueIdentifier>
    </Filter>
    <Filter Include="02.GameObjects\03.Character\00.Player\01.Models">
      <UniqueIdentifier>{8c74210a-4679-4b52-9461-e53112691283}</UniqueIdentifier>
    </Filter>
    <Filter Include="02.GameObjects\03.Character\00.Player\01.Models\00.Chai">
      <UniqueIdentifier>{d6adba9b-fbce-4590-a598-8fbfb73650e0}</UniqueIdentifier>
    </Filter>
    <Filter Include="02.GameObjects\03.Character\00.Player\01.Models\00.Chai\StateMachine">
      <UniqueIdentifier>{9112ed79-8c75-43d4-9f70-fa125b385b58}</UniqueIdentifier>
    </Filter>
    <Filter Include="02.GameObjects\03.Character\00.Player\01.Models\00.Chai\StateMachine\State">
      <UniqueIdentifier>{c2f33d3c-e99a-4675-8309-ccaeec085fc6}</UniqueIdentifier>
    </Filter>
    <Filter Include="02.GameObjects\03.Character\00.Player\01.Models\01.Peppermint">
      <UniqueIdentifier>{1cb1b04c-1243-4641-8e0d-e48273e38882}</UniqueIdentifier>
    </Filter>
    <Filter Include="02.GameObjects\03.Character\00.Player\01.Models\01.Peppermint\StateMachine">
      <UniqueIdentifier>{48c2e6c6-16b3-42cb-bd5c-a5f4f77251b5}</UniqueIdentifier>
    </Filter>
    <Filter Include="02.GameObjects\03.Character\00.Player\01.Models\01.Peppermint\StateMachine\State">
      <UniqueIdentifier>{45e6482c-5509-4ab1-84f2-f7b851279776}</UniqueIdentifier>
    </Filter>
    <Filter Include="02.GameObjects\03.Character\00.Player\00.Controller">
      <UniqueIdentifier>{eb54bd6e-c4e1-426a-8f71-2538d391ac45}</UniqueIdentifier>
    </Filter>
  </ItemGroup>
  <ItemGroup>
    <ClInclude Include="stdafx.h">
      <Filter>98.Default</Filter>
    </ClInclude>
    <ClInclude Include="..\public\MainApp.h">
      <Filter>00.MainApp</Filter>
    </ClInclude>
    <ClInclude Include="..\Public\Client_Defines.h">
      <Filter>99.Defines</Filter>
    </ClInclude>
    <ClInclude Include="..\public\Level_Logo.h">
      <Filter>01.Levels\00.Logo</Filter>
    </ClInclude>
    <ClInclude Include="..\Public\Level_Loading.h">
      <Filter>01.Levels\99.Loading</Filter>
    </ClInclude>
    <ClInclude Include="..\public\Loader.h">
      <Filter>01.Levels\99.Loading\Loader</Filter>
    </ClInclude>
    <ClInclude Include="Client.h">
      <Filter>98.Default\NotUsed</Filter>
    </ClInclude>
    <ClInclude Include="Resource.h">
      <Filter>98.Default\NotUsed</Filter>
    </ClInclude>
    <ClInclude Include="targetver.h">
      <Filter>98.Default\NotUsed</Filter>
    </ClInclude>
    <ClInclude Include="..\ImGui\imconfig.h">
      <Filter>98.Default\ImGui</Filter>
    </ClInclude>
    <ClInclude Include="..\ImGui\imgui.h">
      <Filter>98.Default\ImGui</Filter>
    </ClInclude>
    <ClInclude Include="..\ImGui\imgui_impl_dx11.h">
      <Filter>98.Default\ImGui</Filter>
    </ClInclude>
    <ClInclude Include="..\ImGui\imgui_impl_win32.h">
      <Filter>98.Default\ImGui</Filter>
    </ClInclude>
    <ClInclude Include="..\ImGui\imgui_internal.h">
      <Filter>98.Default\ImGui</Filter>
    </ClInclude>
    <ClInclude Include="..\ImGui\imstb_rectpack.h">
      <Filter>98.Default\ImGui</Filter>
    </ClInclude>
    <ClInclude Include="..\ImGui\imstb_textedit.h">
      <Filter>98.Default\ImGui</Filter>
    </ClInclude>
    <ClInclude Include="..\ImGui\imstb_truetype.h">
      <Filter>98.Default\ImGui</Filter>
    </ClInclude>
    <ClInclude Include="..\Public\Terrain.h">
      <Filter>02.GameObjects\01.Environment\99.Terrain</Filter>
    </ClInclude>
    <ClInclude Include="..\Public\ImGui_Manager.h">
      <Filter>97.ImGui\Manager</Filter>
    </ClInclude>
    <ClInclude Include="..\Public\ImGui_Window.h">
      <Filter>97.ImGui\Windows</Filter>
    </ClInclude>
    <ClInclude Include="..\Public\ImGui_Window_Main_Controller.h">
      <Filter>97.ImGui\Windows\00.Controller</Filter>
    </ClInclude>
    <ClInclude Include="..\Public\ImGui_Window_Main_Object.h">
      <Filter>97.ImGui\Windows\01.Object</Filter>
    </ClInclude>
    <ClInclude Include="..\Public\ImGui_Window_Main_Hierarachy.h">
      <Filter>97.ImGui\Windows\02.Hierarachy</Filter>
    </ClInclude>
    <ClInclude Include="..\Public\ImGui_Window_Main_Demo.h">
      <Filter>97.ImGui\Windows\04.Demo</Filter>
    </ClInclude>
    <ClInclude Include="..\Public\ImGui_Window_Sub_Prefabs.h">
      <Filter>97.ImGui\Windows\03.Sub\01.Hierarachy_Prefabs</Filter>
    </ClInclude>
    <ClInclude Include="..\Public\Camera_Debug.h">
      <Filter>02.GameObjects\00.Camera\00.Debug</Filter>
    </ClInclude>
    <ClInclude Include="..\Bin\ShaderFiles\Client_Shader_Defines.hpp">
      <Filter>96.ShaderFiles</Filter>
    </ClInclude>
    <ClInclude Include="..\Public\Fiona.h">
      <Filter>02.GameObjects\03.Character\99.Proto\Fiona</Filter>
    </ClInclude>
    <ClInclude Include="..\public\BackGround.h">
      <Filter>02.GameObjects\10.UI\99.Proto</Filter>
    </ClInclude>
    <ClInclude Include="..\Public\Level_Stage_01.h">
      <Filter>01.Levels\01.Stage\Stage_01</Filter>
    </ClInclude>
    <ClInclude Include="..\Public\Level_Stage_02.h">
      <Filter>01.Levels\01.Stage\Stage_02</Filter>
    </ClInclude>
    <ClInclude Include="..\Public\Level_Stage_03.h">
      <Filter>01.Levels\01.Stage\Stage_03</Filter>
    </ClInclude>
    <ClInclude Include="..\Public\Level_Proto.h">
      <Filter>01.Levels\98.Proto</Filter>
    </ClInclude>
    <ClInclude Include="..\Public\Level_Ending.h">
      <Filter>01.Levels\02.Ending</Filter>
    </ClInclude>
    <ClInclude Include="..\Public\StaticDummy.h">
      <Filter>02.GameObjects\01.Environment\00.Static\StaticDummy</Filter>
    </ClInclude>
    <ClInclude Include="..\Public\Character.h">
      <Filter>02.GameObjects\03.Character</Filter>
    </ClInclude>
    <ClInclude Include="..\Public\Chai.h">
      <Filter>02.GameObjects\03.Character\00.Player\01.Models\00.Chai</Filter>
    </ClInclude>
    <ClInclude Include="..\Public\Peppermint.h">
      <Filter>02.GameObjects\03.Character\00.Player\01.Models\01.Peppermint</Filter>
    </ClInclude>
    <ClInclude Include="..\Public\Controller_Player.h">
      <Filter>02.GameObjects\03.Character\00.Player\00.Controller</Filter>
    </ClInclude>
  </ItemGroup>
  <ItemGroup>
    <ClCompile Include="..\private\MainApp.cpp">
      <Filter>00.MainApp</Filter>
    </ClCompile>
    <ClCompile Include="..\private\Level_Logo.cpp">
      <Filter>01.Levels\00.Logo</Filter>
    </ClCompile>
    <ClCompile Include="..\Private\Level_Loading.cpp">
      <Filter>01.Levels\99.Loading</Filter>
    </ClCompile>
    <ClCompile Include="..\private\Loader.cpp">
      <Filter>01.Levels\99.Loading\Loader</Filter>
    </ClCompile>
    <ClCompile Include="Client.cpp">
      <Filter>98.Default</Filter>
    </ClCompile>
    <ClCompile Include="stdafx.cpp">
      <Filter>98.Default\NotUsed</Filter>
    </ClCompile>
    <ClCompile Include="..\ImGui\imgui.cpp">
      <Filter>98.Default\ImGui</Filter>
    </ClCompile>
    <ClCompile Include="..\ImGui\imgui_demo.cpp">
      <Filter>98.Default\ImGui</Filter>
    </ClCompile>
    <ClCompile Include="..\ImGui\imgui_draw.cpp">
      <Filter>98.Default\ImGui</Filter>
    </ClCompile>
    <ClCompile Include="..\ImGui\imgui_impl_dx11.cpp">
      <Filter>98.Default\ImGui</Filter>
    </ClCompile>
    <ClCompile Include="..\ImGui\imgui_impl_win32.cpp">
      <Filter>98.Default\ImGui</Filter>
    </ClCompile>
    <ClCompile Include="..\ImGui\imgui_tables.cpp">
      <Filter>98.Default\ImGui</Filter>
    </ClCompile>
    <ClCompile Include="..\ImGui\imgui_widgets.cpp">
      <Filter>98.Default\ImGui</Filter>
    </ClCompile>
    <ClCompile Include="..\Private\Terrain.cpp">
      <Filter>02.GameObjects\01.Environment\99.Terrain</Filter>
    </ClCompile>
    <ClCompile Include="..\Private\ImGui_Manager.cpp">
      <Filter>97.ImGui\Manager</Filter>
    </ClCompile>
    <ClCompile Include="..\Private\ImGui_Window.cpp">
      <Filter>97.ImGui\Windows</Filter>
    </ClCompile>
    <ClCompile Include="..\Private\ImGui_Window_Main_Controller.cpp">
      <Filter>97.ImGui\Windows\00.Controller</Filter>
    </ClCompile>
    <ClCompile Include="..\Private\ImGui_Window_Main_Demo.cpp">
      <Filter>97.ImGui\Windows\04.Demo</Filter>
    </ClCompile>
    <ClCompile Include="..\Private\ImGui_Window_Main_Hierarachy.cpp">
      <Filter>97.ImGui\Windows\02.Hierarachy</Filter>
    </ClCompile>
    <ClCompile Include="..\Private\ImGui_Window_Main_Object.cpp">
      <Filter>97.ImGui\Windows\01.Object</Filter>
    </ClCompile>
    <ClCompile Include="..\Private\ImGui_Window_Sub_Prefabs.cpp">
      <Filter>97.ImGui\Windows\03.Sub\01.Hierarachy_Prefabs</Filter>
    </ClCompile>
    <ClCompile Include="..\Private\Camera_Debug.cpp">
      <Filter>02.GameObjects\00.Camera\00.Debug</Filter>
    </ClCompile>
    <ClCompile Include="..\Private\Fiona.cpp">
      <Filter>02.GameObjects\03.Character\99.Proto\Fiona</Filter>
    </ClCompile>
    <ClCompile Include="..\private\BackGround.cpp">
      <Filter>02.GameObjects\10.UI\99.Proto</Filter>
    </ClCompile>
    <ClCompile Include="..\Private\Level_Stage_01.cpp">
      <Filter>01.Levels\01.Stage\Stage_01</Filter>
    </ClCompile>
    <ClCompile Include="..\Private\Level_Stage_02.cpp">
      <Filter>01.Levels\01.Stage\Stage_02</Filter>
    </ClCompile>
    <ClCompile Include="..\Private\Level_Stage_03.cpp">
      <Filter>01.Levels\01.Stage\Stage_03</Filter>
    </ClCompile>
    <ClCompile Include="..\Private\Level_Ending.cpp">
      <Filter>01.Levels\02.Ending</Filter>
    </ClCompile>
    <ClCompile Include="..\Private\Level_Proto.cpp">
      <Filter>01.Levels\98.Proto</Filter>
    </ClCompile>
    <ClCompile Include="..\Private\StaticDummy.cpp">
      <Filter>02.GameObjects\01.Environment\00.Static\StaticDummy</Filter>
    </ClCompile>
    <ClCompile Include="..\Private\Character.cpp">
      <Filter>02.GameObjects\03.Character</Filter>
    </ClCompile>
    <ClCompile Include="..\Private\Chai.cpp">
      <Filter>02.GameObjects\03.Character\00.Player\01.Models\00.Chai</Filter>
    </ClCompile>
    <ClCompile Include="..\Private\Peppermint.cpp">
      <Filter>02.GameObjects\03.Character\00.Player\01.Models\01.Peppermint</Filter>
    </ClCompile>
    <ClCompile Include="..\Private\Controller_Player.cpp">
      <Filter>02.GameObjects\03.Character\00.Player\00.Controller</Filter>
    </ClCompile>
  </ItemGroup>
  <ItemGroup>
    <Image Include="Client.ico">
      <Filter>98.Default\NotUsed</Filter>
    </Image>
    <Image Include="small.ico">
      <Filter>98.Default\NotUsed</Filter>
    </Image>
  </ItemGroup>
  <ItemGroup>
    <FxCompile Include="..\Bin\ShaderFiles\Shader_VtxPosTex.hlsl">
      <Filter>96.ShaderFiles</Filter>
    </FxCompile>
    <FxCompile Include="..\Bin\ShaderFiles\Shader_VtxNorTex.hlsl">
      <Filter>96.ShaderFiles</Filter>
    </FxCompile>
    <FxCompile Include="..\Bin\ShaderFiles\Shader_VtxModel.hlsl">
      <Filter>96.ShaderFiles</Filter>
    </FxCompile>
    <FxCompile Include="..\Bin\ShaderFiles\Shader_VtxAnimModel.hlsl">
      <Filter>96.ShaderFiles</Filter>
    </FxCompile>
    <FxCompile Include="..\Bin\ShaderFiles\Shader_VtxMesh.hlsl">
      <Filter>96.ShaderFiles</Filter>
    </FxCompile>
    <FxCompile Include="..\Bin\ShaderFiles\Shader_VTF.hlsl">
      <Filter>96.ShaderFiles</Filter>
    </FxCompile>
    <FxCompile Include="..\Bin\ShaderFiles\Shader_VtxAnimMesh.hlsl">
      <Filter>96.ShaderFiles</Filter>
    </FxCompile>
  </ItemGroup>
  <ItemGroup>
    <ResourceCompile Include="Client.rc">
      <Filter>98.Default\NotUsed</Filter>
    </ResourceCompile>
  </ItemGroup>
  <ItemGroup>
    <Text Include="ReadMe.txt">
      <Filter>98.Default\NotUsed</Filter>
    </Text>
  </ItemGroup>
</Project>