<?xml version="1.0" encoding="utf-8"?>
<Project ToolsVersion="4.0" xmlns="http://schemas.microsoft.com/developer/msbuild/2003">
  <ItemGroup>
    <Filter Include="98.Default">
      <UniqueIdentifier>{068ac4ae-308f-439b-8a7d-d5b077bfb9ee}</UniqueIdentifier>
    </Filter>
    <Filter Include="99.Defines">
      <UniqueIdentifier>{2bded693-1033-4e35-ab2d-2f7f292e232a}</UniqueIdentifier>
    </Filter>
    <Filter Include="00.MainApp">
      <UniqueIdentifier>{016817f4-efd3-4ed6-ba0e-c59d21242465}</UniqueIdentifier>
    </Filter>
    <Filter Include="01.Levels">
      <UniqueIdentifier>{9927bfef-90a5-4e11-8212-cacd67d008c7}</UniqueIdentifier>
    </Filter>
    <Filter Include="01.Levels\00.Logo">
      <UniqueIdentifier>{f7bf0f5d-9c1a-409d-ba96-8f25a183dad7}</UniqueIdentifier>
    </Filter>
    <Filter Include="01.Levels\01.GamePlay">
      <UniqueIdentifier>{001c8170-e0a0-429b-96c3-38ac67fa7a9c}</UniqueIdentifier>
    </Filter>
    <Filter Include="01.Levels\99.Loading">
      <UniqueIdentifier>{d3df9124-96f6-4c1d-a02e-1d2d51e29c9b}</UniqueIdentifier>
    </Filter>
    <Filter Include="01.Levels\99.Loading\Loader">
      <UniqueIdentifier>{04c05968-cb34-4cec-89e2-639b898c25fc}</UniqueIdentifier>
    </Filter>
    <Filter Include="02.GameObjects">
      <UniqueIdentifier>{d435cd37-10c5-4f6c-a2f1-ee72504bbb59}</UniqueIdentifier>
    </Filter>
    <Filter Include="02.GameObjects\BackGround">
      <UniqueIdentifier>{327a42a0-45f0-4b4d-b8cd-bb209baedc94}</UniqueIdentifier>
    </Filter>
    <Filter Include="98.Default\ImGui">
      <UniqueIdentifier>{1937ed4e-d435-43b8-956f-09b97fe7c7ef}</UniqueIdentifier>
    </Filter>
    <Filter Include="98.Default\None">
      <UniqueIdentifier>{11978b59-520d-430c-8090-add27548551a}</UniqueIdentifier>
    </Filter>
    <Filter Include="90.ScriptFiles">
      <UniqueIdentifier>{3c9e2427-b6cd-4253-a95e-f4d0c787cee7}</UniqueIdentifier>
    </Filter>
    <Filter Include="02.GameObjects\Player">
      <UniqueIdentifier>{8c788c76-03cd-4d87-8f0c-9b9fe84197ec}</UniqueIdentifier>
    </Filter>
    <Filter Include="02.GameObjects\Player\StateMachine">
      <UniqueIdentifier>{9112ed79-8c75-43d4-9f70-fa125b385b58}</UniqueIdentifier>
    </Filter>
    <Filter Include="02.GameObjects\Player\StateMachine\State">
      <UniqueIdentifier>{c2f33d3c-e99a-4675-8309-ccaeec085fc6}</UniqueIdentifier>
    </Filter>
    <Filter Include="02.GameObjects\Monster">
      <UniqueIdentifier>{d8a59102-c15d-4530-9b3a-1b805113122c}</UniqueIdentifier>
    </Filter>
    <Filter Include="02.GameObjects\Monster\BehaviourTree">
      <UniqueIdentifier>{0bd0f243-b8b2-4027-b9b8-3ebef4375173}</UniqueIdentifier>
    </Filter>
    <Filter Include="02.GameObjects\NPC">
      <UniqueIdentifier>{400c1cb4-75ac-4a99-bc55-470322a4b2a8}</UniqueIdentifier>
    </Filter>
    <Filter Include="02.GameObjects\NPC\BehaviourTree">
      <UniqueIdentifier>{207d0508-a741-48ad-9799-79381a8db791}</UniqueIdentifier>
    </Filter>
    <Filter Include="02.GameObjects\NPC\BehaviourTree\Node">
      <UniqueIdentifier>{7eaab9ba-f843-43ce-b19a-2e07c2861e5e}</UniqueIdentifier>
    </Filter>
    <Filter Include="02.GameObjects\Monster\BehaviourTree\Node">
      <UniqueIdentifier>{62e468e1-c067-4119-9433-31c56f9bc1fe}</UniqueIdentifier>
    </Filter>
    <Filter Include="96.ShaderFiles">
      <UniqueIdentifier>{a631185a-1555-4b19-8534-272c809d77b7}</UniqueIdentifier>
    </Filter>
    <Filter Include="97.ImGui">
      <UniqueIdentifier>{700840b3-8278-4149-aec5-245a4d69cf58}</UniqueIdentifier>
    </Filter>
    <Filter Include="02.GameObjects\Terrain">
      <UniqueIdentifier>{39cbdfb5-bb6c-40ec-a138-fdd9bc2c1663}</UniqueIdentifier>
    </Filter>
    <Filter Include="97.ImGui\Manager">
      <UniqueIdentifier>{ae665d5d-3931-498f-b439-76f319cca696}</UniqueIdentifier>
    </Filter>
    <Filter Include="97.ImGui\Window">
      <UniqueIdentifier>{58e9641a-5e91-4bbe-8558-7dcc06dd06e5}</UniqueIdentifier>
    </Filter>
    <Filter Include="97.ImGui\Window\00.Controller">
      <UniqueIdentifier>{d5ec2c91-2d9e-4e57-95a5-576bf7b84325}</UniqueIdentifier>
    </Filter>
    <Filter Include="97.ImGui\Window\01.Object">
      <UniqueIdentifier>{ae165aa8-c601-4dfd-811c-cb5d819d7134}</UniqueIdentifier>
    </Filter>
    <Filter Include="97.ImGui\Window\02.Hierarachy">
      <UniqueIdentifier>{3bf209e3-4602-41fc-b34a-09431189ee60}</UniqueIdentifier>
    </Filter>
    <Filter Include="97.ImGui\Window\03.Sub">
      <UniqueIdentifier>{f6477610-fb6a-48a9-9359-e3b145365c49}</UniqueIdentifier>
    </Filter>
    <Filter Include="97.ImGui\Window\04.Demo">
      <UniqueIdentifier>{d900bdc0-016c-4311-a8b5-aa79439f9305}</UniqueIdentifier>
    </Filter>
    <Filter Include="97.ImGui\Window\03.Sub\00.Object_Components">
      <UniqueIdentifier>{7d62c950-b215-4662-a74f-672e4bb8d4d4}</UniqueIdentifier>
    </Filter>
    <Filter Include="97.ImGui\Window\03.Sub\01.Hierarachy_Prefabs">
      <UniqueIdentifier>{fec1a2e0-72f7-4c59-a278-4159940fa0fc}</UniqueIdentifier>
    </Filter>
  </ItemGroup>
  <ItemGroup>
    <ClInclude Include="stdafx.h">
      <Filter>98.Default</Filter>
    </ClInclude>
    <ClInclude Include="..\public\MainApp.h">
      <Filter>00.MainApp</Filter>
    </ClInclude>
    <ClInclude Include="..\Public\Client_Defines.h">
      <Filter>99.Defines</Filter>
    </ClInclude>
    <ClInclude Include="..\public\Level_Logo.h">
      <Filter>01.Levels\00.Logo</Filter>
    </ClInclude>
    <ClInclude Include="..\Public\Level_GamePlay.h">
      <Filter>01.Levels\01.GamePlay</Filter>
    </ClInclude>
    <ClInclude Include="..\Public\Level_Loading.h">
      <Filter>01.Levels\99.Loading</Filter>
    </ClInclude>
    <ClInclude Include="..\public\Loader.h">
      <Filter>01.Levels\99.Loading\Loader</Filter>
    </ClInclude>
    <ClInclude Include="..\public\BackGround.h">
      <Filter>02.GameObjects\BackGround</Filter>
    </ClInclude>
    <ClInclude Include="Client.h">
      <Filter>98.Default\None</Filter>
    </ClInclude>
    <ClInclude Include="Resource.h">
      <Filter>98.Default\None</Filter>
    </ClInclude>
    <ClInclude Include="targetver.h">
      <Filter>98.Default\None</Filter>
    </ClInclude>
    <ClInclude Include="..\ImGui\imconfig.h">
      <Filter>98.Default\ImGui</Filter>
    </ClInclude>
    <ClInclude Include="..\ImGui\imgui.h">
      <Filter>98.Default\ImGui</Filter>
    </ClInclude>
    <ClInclude Include="..\ImGui\imgui_impl_dx11.h">
      <Filter>98.Default\ImGui</Filter>
    </ClInclude>
    <ClInclude Include="..\ImGui\imgui_impl_win32.h">
      <Filter>98.Default\ImGui</Filter>
    </ClInclude>
    <ClInclude Include="..\ImGui\imgui_internal.h">
      <Filter>98.Default\ImGui</Filter>
    </ClInclude>
    <ClInclude Include="..\ImGui\imstb_rectpack.h">
      <Filter>98.Default\ImGui</Filter>
    </ClInclude>
    <ClInclude Include="..\ImGui\imstb_textedit.h">
      <Filter>98.Default\ImGui</Filter>
    </ClInclude>
    <ClInclude Include="..\ImGui\imstb_truetype.h">
      <Filter>98.Default\ImGui</Filter>
    </ClInclude>
    <ClInclude Include="..\Public\Terrain.h">
      <Filter>02.GameObjects\Terrain</Filter>
    </ClInclude>
    <ClInclude Include="..\Public\ImGui_Manager.h">
      <Filter>97.ImGui\Manager</Filter>
    </ClInclude>
    <ClInclude Include="..\Public\ImGui_Window.h">
      <Filter>97.ImGui\Window</Filter>
    </ClInclude>
    <ClInclude Include="..\Public\ImGui_Window_Main_Controller.h">
      <Filter>97.ImGui\Window\00.Controller</Filter>
    </ClInclude>
    <ClInclude Include="..\Public\ImGui_Window_Main_Object.h">
      <Filter>97.ImGui\Window\01.Object</Filter>
    </ClInclude>
    <ClInclude Include="..\Public\ImGui_Window_Main_Hierarachy.h">
      <Filter>97.ImGui\Window\02.Hierarachy</Filter>
    </ClInclude>
    <ClInclude Include="..\Public\ImGui_Window_Main_Demo.h">
      <Filter>97.ImGui\Window\04.Demo</Filter>
    </ClInclude>
    <ClInclude Include="..\Public\ImGui_Manager_Copy.h">
      <Filter>97.ImGui\Manager</Filter>
    </ClInclude>
    <ClInclude Include="..\Public\ImGui_Window_Sub_Prefabs.h">
      <Filter>97.ImGui\Window\03.Sub\01.Hierarachy_Prefabs</Filter>
    </ClInclude>
  </ItemGroup>
  <ItemGroup>
    <ClCompile Include="..\private\MainApp.cpp">
      <Filter>00.MainApp</Filter>
    </ClCompile>
    <ClCompile Include="..\private\Level_Logo.cpp">
      <Filter>01.Levels\00.Logo</Filter>
    </ClCompile>
    <ClCompile Include="..\Private\Level_GamePlay.cpp">
      <Filter>01.Levels\01.GamePlay</Filter>
    </ClCompile>
    <ClCompile Include="..\Private\Level_Loading.cpp">
      <Filter>01.Levels\99.Loading</Filter>
    </ClCompile>
    <ClCompile Include="..\private\Loader.cpp">
      <Filter>01.Levels\99.Loading\Loader</Filter>
    </ClCompile>
    <ClCompile Include="..\private\BackGround.cpp">
      <Filter>02.GameObjects\BackGround</Filter>
    </ClCompile>
    <ClCompile Include="Client.cpp">
      <Filter>98.Default</Filter>
    </ClCompile>
    <ClCompile Include="stdafx.cpp">
      <Filter>98.Default\None</Filter>
    </ClCompile>
    <ClCompile Include="..\ImGui\imgui.cpp">
      <Filter>98.Default\ImGui</Filter>
    </ClCompile>
    <ClCompile Include="..\ImGui\imgui_demo.cpp">
      <Filter>98.Default\ImGui</Filter>
    </ClCompile>
    <ClCompile Include="..\ImGui\imgui_draw.cpp">
      <Filter>98.Default\ImGui</Filter>
    </ClCompile>
    <ClCompile Include="..\ImGui\imgui_impl_dx11.cpp">
      <Filter>98.Default\ImGui</Filter>
    </ClCompile>
    <ClCompile Include="..\ImGui\imgui_impl_win32.cpp">
      <Filter>98.Default\ImGui</Filter>
    </ClCompile>
    <ClCompile Include="..\ImGui\imgui_tables.cpp">
      <Filter>98.Default\ImGui</Filter>
    </ClCompile>
    <ClCompile Include="..\ImGui\imgui_widgets.cpp">
      <Filter>98.Default\ImGui</Filter>
    </ClCompile>
    <ClCompile Include="..\Private\Terrain.cpp">
      <Filter>02.GameObjects\Terrain</Filter>
    </ClCompile>
    <ClCompile Include="..\Private\ImGui_Manager.cpp">
      <Filter>97.ImGui\Manager</Filter>
    </ClCompile>
    <ClCompile Include="..\Private\ImGui_Window.cpp">
      <Filter>97.ImGui\Window</Filter>
    </ClCompile>
    <ClCompile Include="..\Private\ImGui_Window_Main_Controller.cpp">
      <Filter>97.ImGui\Window\00.Controller</Filter>
    </ClCompile>
    <ClCompile Include="..\Private\ImGui_Window_Main_Demo.cpp">
      <Filter>97.ImGui\Window\04.Demo</Filter>
    </ClCompile>
    <ClCompile Include="..\Private\ImGui_Window_Main_Hierarachy.cpp">
      <Filter>97.ImGui\Window\02.Hierarachy</Filter>
    </ClCompile>
    <ClCompile Include="..\Private\ImGui_Window_Main_Object.cpp">
      <Filter>97.ImGui\Window\01.Object</Filter>
    </ClCompile>
    <ClCompile Include="..\Private\ImGui_Manager_Copy.cpp">
      <Filter>97.ImGui\Manager</Filter>
    </ClCompile>
    <ClCompile Include="..\Private\ImGui_Window_Sub_Prefabs.cpp">
      <Filter>97.ImGui\Window\03.Sub\01.Hierarachy_Prefabs</Filter>
    </ClCompile>
  </ItemGroup>
  <ItemGroup>
    <Image Include="Client.ico">
      <Filter>98.Default\None</Filter>
    </Image>
    <Image Include="small.ico">
      <Filter>98.Default\None</Filter>
    </Image>
  </ItemGroup>
  <ItemGroup>
    <FxCompile Include="..\Bin\ShaderFiles\Shader_VtxPosTex.hlsl">
      <Filter>96.ShaderFiles</Filter>
    </FxCompile>
    <FxCompile Include="..\Bin\ShaderFiles\Shader_VtxNorTex.hlsl">
      <Filter>96.ShaderFiles</Filter>
    </FxCompile>
  </ItemGroup>
  <ItemGroup>
    <ResourceCompile Include="Client.rc">
      <Filter>98.Default\None</Filter>
    </ResourceCompile>
  </ItemGroup>
  <ItemGroup>
    <Text Include="ReadMe.txt">
      <Filter>98.Default\None</Filter>
    </Text>
  </ItemGroup>
</Project>