<?xml version="1.0" encoding="utf-8"?>
<Project ToolsVersion="4.0" xmlns="http://schemas.microsoft.com/developer/msbuild/2003">
  <ItemGroup>
    <Filter Include="98.Default">
      <UniqueIdentifier>{068ac4ae-308f-439b-8a7d-d5b077bfb9ee}</UniqueIdentifier>
    </Filter>
    <Filter Include="99.Defines">
      <UniqueIdentifier>{2bded693-1033-4e35-ab2d-2f7f292e232a}</UniqueIdentifier>
    </Filter>
    <Filter Include="00.MainApp">
      <UniqueIdentifier>{016817f4-efd3-4ed6-ba0e-c59d21242465}</UniqueIdentifier>
    </Filter>
    <Filter Include="98.Default\ImGui">
      <UniqueIdentifier>{1937ed4e-d435-43b8-956f-09b97fe7c7ef}</UniqueIdentifier>
    </Filter>
    <Filter Include="96.ShaderFiles">
      <UniqueIdentifier>{a631185a-1555-4b19-8534-272c809d77b7}</UniqueIdentifier>
    </Filter>
    <Filter Include="97.ImGui">
      <UniqueIdentifier>{700840b3-8278-4149-aec5-245a4d69cf58}</UniqueIdentifier>
    </Filter>
    <Filter Include="98.Default\NotUsed">
      <UniqueIdentifier>{11978b59-520d-430c-8090-add27548551a}</UniqueIdentifier>
    </Filter>
    <Filter Include="97.ImGui\99.DebugDraw">
      <UniqueIdentifier>{9a7ffda9-0972-41ff-9de7-13a20b062d95}</UniqueIdentifier>
    </Filter>
    <Filter Include="97.ImGui\00.Manager">
      <UniqueIdentifier>{ae665d5d-3931-498f-b439-76f319cca696}</UniqueIdentifier>
    </Filter>
    <Filter Include="97.ImGui\01.Windows">
      <UniqueIdentifier>{58e9641a-5e91-4bbe-8558-7dcc06dd06e5}</UniqueIdentifier>
    </Filter>
    <Filter Include="97.ImGui\01.Windows\99.Demo">
      <UniqueIdentifier>{d900bdc0-016c-4311-a8b5-aa79439f9305}</UniqueIdentifier>
    </Filter>
    <Filter Include="97.ImGui\01.Windows\03.Sub">
      <UniqueIdentifier>{f6477610-fb6a-48a9-9359-e3b145365c49}</UniqueIdentifier>
    </Filter>
    <Filter Include="97.ImGui\01.Windows\03.Sub\00.Object_Components">
      <UniqueIdentifier>{7d62c950-b215-4662-a74f-672e4bb8d4d4}</UniqueIdentifier>
    </Filter>
    <Filter Include="97.ImGui\01.Windows\03.Sub\00.Object_Components\Anim">
      <UniqueIdentifier>{b3fbccd0-47dd-4c34-8b8c-d87cc6c8d6b6}</UniqueIdentifier>
    </Filter>
    <Filter Include="97.ImGui\01.Windows\03.Sub\01.Hierarachy_Prefabs">
      <UniqueIdentifier>{fec1a2e0-72f7-4c59-a278-4159940fa0fc}</UniqueIdentifier>
    </Filter>
    <Filter Include="97.ImGui\01.Windows\00.Main">
      <UniqueIdentifier>{e64b1c95-ee2a-4ab9-b7af-0671fe1e7498}</UniqueIdentifier>
    </Filter>
    <Filter Include="97.ImGui\01.Windows\00.Main\00.Controller">
      <UniqueIdentifier>{d5ec2c91-2d9e-4e57-95a5-576bf7b84325}</UniqueIdentifier>
    </Filter>
    <Filter Include="97.ImGui\01.Windows\00.Main\01.Object">
      <UniqueIdentifier>{ae165aa8-c601-4dfd-811c-cb5d819d7134}</UniqueIdentifier>
    </Filter>
    <Filter Include="97.ImGui\01.Windows\00.Main\02.Hierarachy">
      <UniqueIdentifier>{3bf209e3-4602-41fc-b34a-09431189ee60}</UniqueIdentifier>
    </Filter>
    <Filter Include="97.ImGui\01.Windows\01.Mid">
      <UniqueIdentifier>{cdc99dad-fe1d-4b0f-ab43-00e92412c7a9}</UniqueIdentifier>
    </Filter>
    <Filter Include="97.ImGui\01.Windows\01.Mid\00.Nav">
      <UniqueIdentifier>{6f1b53e5-eaaa-4b44-abcf-7095214f7593}</UniqueIdentifier>
    </Filter>
    <Filter Include="97.ImGui\01.Windows\01.Mid\01.Camera">
      <UniqueIdentifier>{97f263e6-dbdd-4f88-8039-d46a269f94e8}</UniqueIdentifier>
    </Filter>
    <Filter Include="02.Levels">
      <UniqueIdentifier>{9927bfef-90a5-4e11-8212-cacd67d008c7}</UniqueIdentifier>
    </Filter>
    <Filter Include="02.Levels\00.Logo">
      <UniqueIdentifier>{f7bf0f5d-9c1a-409d-ba96-8f25a183dad7}</UniqueIdentifier>
    </Filter>
    <Filter Include="02.Levels\99.Loading">
      <UniqueIdentifier>{d3df9124-96f6-4c1d-a02e-1d2d51e29c9b}</UniqueIdentifier>
    </Filter>
    <Filter Include="02.Levels\99.Loading\Loader">
      <UniqueIdentifier>{04c05968-cb34-4cec-89e2-639b898c25fc}</UniqueIdentifier>
    </Filter>
    <Filter Include="02.Levels\02.Ending">
      <UniqueIdentifier>{a3fb452d-868d-42bc-a99b-d12613c146a3}</UniqueIdentifier>
    </Filter>
    <Filter Include="02.Levels\98.Proto">
      <UniqueIdentifier>{b4248e0b-da12-45df-acaf-494f8e50ae75}</UniqueIdentifier>
    </Filter>
    <Filter Include="02.Levels\01.Stage">
      <UniqueIdentifier>{001c8170-e0a0-429b-96c3-38ac67fa7a9c}</UniqueIdentifier>
    </Filter>
    <Filter Include="02.Levels\01.Stage\Stage_03">
      <UniqueIdentifier>{e49f063f-84b0-47dc-81eb-542d4a103122}</UniqueIdentifier>
    </Filter>
    <Filter Include="02.Levels\01.Stage\Stage_02">
      <UniqueIdentifier>{cd2cc360-906f-418b-aeb7-25824b6233ef}</UniqueIdentifier>
    </Filter>
    <Filter Include="02.Levels\01.Stage\Stage_01">
      <UniqueIdentifier>{8501a2da-fead-442c-a8a6-46c59345adad}</UniqueIdentifier>
    </Filter>
    <Filter Include="03.GameObjects">
      <UniqueIdentifier>{d435cd37-10c5-4f6c-a2f1-ee72504bbb59}</UniqueIdentifier>
    </Filter>
    <Filter Include="03.GameObjects\00.Camera">
      <UniqueIdentifier>{7d317796-38ec-4bb9-8a8d-b31a6461dfff}</UniqueIdentifier>
    </Filter>
    <Filter Include="03.GameObjects\00.Camera\01.Follow">
      <UniqueIdentifier>{5a473209-8b19-4c2d-9fe7-42a15c3bf6bd}</UniqueIdentifier>
    </Filter>
    <Filter Include="03.GameObjects\00.Camera\00.Debug">
      <UniqueIdentifier>{e918d286-66bb-42bb-ade7-1bbabe202863}</UniqueIdentifier>
    </Filter>
    <Filter Include="03.GameObjects\01.Environment">
      <UniqueIdentifier>{19639fc5-bbcb-4d89-8030-1ca3fff62c92}</UniqueIdentifier>
    </Filter>
    <Filter Include="03.GameObjects\01.Environment\99.Terrain">
      <UniqueIdentifier>{39cbdfb5-bb6c-40ec-a138-fdd9bc2c1663}</UniqueIdentifier>
    </Filter>
    <Filter Include="03.GameObjects\01.Environment\01.Static">
      <UniqueIdentifier>{e151be76-84ac-4349-93d8-75c7d1b50d66}</UniqueIdentifier>
    </Filter>
    <Filter Include="03.GameObjects\01.Environment\00.Sky">
      <UniqueIdentifier>{583c4a7b-e367-4cfc-8a6e-f1fd6a21792b}</UniqueIdentifier>
    </Filter>
    <Filter Include="03.GameObjects\01.Environment\00.Sky\00.SkyBox">
      <UniqueIdentifier>{418b5b0f-ce05-40b5-9e82-761036478c70}</UniqueIdentifier>
    </Filter>
    <Filter Include="03.GameObjects\01.Environment\00.Sky\01.SkySphere">
      <UniqueIdentifier>{474b2e88-91aa-4701-8800-e28e1a8462c3}</UniqueIdentifier>
    </Filter>
    <Filter Include="03.GameObjects\02.Light">
      <UniqueIdentifier>{ec62a095-9b5c-473b-8346-ae77c4962129}</UniqueIdentifier>
    </Filter>
    <Filter Include="03.GameObjects\02.Light\00.Directional">
      <UniqueIdentifier>{fd10c28d-7c9b-481f-9e12-de5b00b280bc}</UniqueIdentifier>
    </Filter>
    <Filter Include="03.GameObjects\02.Light\01.Point">
      <UniqueIdentifier>{de47ffd3-fa1f-4589-a855-282a1afa93d4}</UniqueIdentifier>
    </Filter>
    <Filter Include="03.GameObjects\02.Light\02.Spot">
      <UniqueIdentifier>{13ca8632-80ff-4136-b4b8-d91ac4a665f3}</UniqueIdentifier>
    </Filter>
    <Filter Include="03.GameObjects\03.Character">
      <UniqueIdentifier>{61401bf3-d2cc-46e0-9502-ab143843e14a}</UniqueIdentifier>
    </Filter>
    <Filter Include="03.GameObjects\03.Character\02.NPC">
      <UniqueIdentifier>{400c1cb4-75ac-4a99-bc55-470322a4b2a8}</UniqueIdentifier>
    </Filter>
    <Filter Include="03.GameObjects\03.Character\02.NPC\BehaviourTree">
      <UniqueIdentifier>{207d0508-a741-48ad-9799-79381a8db791}</UniqueIdentifier>
    </Filter>
    <Filter Include="03.GameObjects\03.Character\02.NPC\BehaviourTree\Node">
      <UniqueIdentifier>{7eaab9ba-f843-43ce-b19a-2e07c2861e5e}</UniqueIdentifier>
    </Filter>
    <Filter Include="03.GameObjects\03.Character\01.Enemy">
      <UniqueIdentifier>{d8a59102-c15d-4530-9b3a-1b805113122c}</UniqueIdentifier>
    </Filter>
    <Filter Include="03.GameObjects\03.Character\01.Enemy\01.Saber">
      <UniqueIdentifier>{08464023-45a9-4835-9324-9503bfeee10e}</UniqueIdentifier>
    </Filter>
    <Filter Include="03.GameObjects\03.Character\01.Enemy\01.Saber\00.Model">
      <UniqueIdentifier>{49c3f617-7d20-48a2-87d8-e7d470947d71}</UniqueIdentifier>
    </Filter>
    <Filter Include="03.GameObjects\03.Character\00.Player">
      <UniqueIdentifier>{8c788c76-03cd-4d87-8f0c-9b9fe84197ec}</UniqueIdentifier>
    </Filter>
    <Filter Include="03.GameObjects\10.UI">
      <UniqueIdentifier>{5de9c8c8-1e5e-499f-b807-f2014459b89d}</UniqueIdentifier>
    </Filter>
    <Filter Include="03.GameObjects\10.UI\99.Proto">
      <UniqueIdentifier>{37a56d44-1727-4244-853d-8912517a5f1a}</UniqueIdentifier>
    </Filter>
    <Filter Include="03.GameObjects\04.Weapon">
      <UniqueIdentifier>{7207c15a-e9a5-42ba-a112-c00f7324aa12}</UniqueIdentifier>
    </Filter>
    <Filter Include="03.GameObjects\04.Weapon\00.Player">
      <UniqueIdentifier>{0fc9f048-93db-4403-88bb-b29a5434bc39}</UniqueIdentifier>
    </Filter>
    <Filter Include="03.GameObjects\04.Weapon\00.Player\00.Chai_Guitar_Explore">
      <UniqueIdentifier>{87592788-6ff5-4f21-9c97-ec9147761885}</UniqueIdentifier>
    </Filter>
    <Filter Include="03.GameObjects\04.Weapon\01.Enemy">
      <UniqueIdentifier>{8c57855f-919e-42b9-9a49-fe1911f1885a}</UniqueIdentifier>
    </Filter>
    <Filter Include="03.GameObjects\04.Weapon\01.Enemy\00.Saber_Sword">
      <UniqueIdentifier>{856eb24f-1931-4108-a2f5-a6011d7ea5f4}</UniqueIdentifier>
    </Filter>
    <Filter Include="03.GameObjects\09.Trigger">
      <UniqueIdentifier>{36699b74-e39a-4743-a482-c28876ed3a0a}</UniqueIdentifier>
    </Filter>
    <Filter Include="03.GameObjects\09.Trigger\MonoBehaviour">
      <UniqueIdentifier>{d277882a-5ab0-4549-8066-f50c9749dee2}</UniqueIdentifier>
    </Filter>
    <Filter Include="01.GameManager">
      <UniqueIdentifier>{e5558f86-32d7-4b32-844a-724be7f09495}</UniqueIdentifier>
    </Filter>
    <Filter Include="01.GameManager\01.BeatManager">
      <UniqueIdentifier>{1ce100b1-9508-4dbd-a74c-d6810754e526}</UniqueIdentifier>
    </Filter>
    <Filter Include="01.GameManager\00.GameManager">
      <UniqueIdentifier>{a310779d-b5cf-4a04-b2e8-e02a3f1be815}</UniqueIdentifier>
    </Filter>
    <Filter Include="01.GameManager\02.BattleManager">
      <UniqueIdentifier>{362d51a5-21b7-4ac6-82ab-8d667420439f}</UniqueIdentifier>
    </Filter>
    <Filter Include="01.GameManager\01.BeatManager\01.Beat">
      <UniqueIdentifier>{7c1a3524-2955-40df-b722-556700da93a6}</UniqueIdentifier>
    </Filter>
    <Filter Include="01.GameManager\01.BeatManager\00.Manager">
      <UniqueIdentifier>{33de69a5-5450-4a27-aec4-64b219270860}</UniqueIdentifier>
    </Filter>
    <Filter Include="01.GameManager\02.BattleManager\00.Manager">
      <UniqueIdentifier>{97283585-3d50-4484-bbf7-6fb7f8627a34}</UniqueIdentifier>
    </Filter>
    <Filter Include="01.GameManager\02.BattleManager\01.BattleTriger">
      <UniqueIdentifier>{abecc13b-e35a-4bdc-9ada-3d527afa3287}</UniqueIdentifier>
    </Filter>
    <Filter Include="03.GameObjects\09.Trigger\Trigger_Dummy">
      <UniqueIdentifier>{00ec5131-27e1-4bae-9b5d-a856cac4572c}</UniqueIdentifier>
    </Filter>
    <Filter Include="03.GameObjects\09.Trigger\Trigger_Battle">
      <UniqueIdentifier>{1c7ec76d-f29e-4526-9990-fd7168f6a445}</UniqueIdentifier>
    </Filter>
    <Filter Include="03.GameObjects\09.Trigger\Trigger_Battle\00.Section_A">
      <UniqueIdentifier>{4778730f-26c9-4ed7-86aa-9258f92879e7}</UniqueIdentifier>
    </Filter>
    <Filter Include="03.GameObjects\09.Trigger\Trigger_Battle\01.Section_B">
      <UniqueIdentifier>{ef306f43-efa0-457e-bf45-dccf52f640f1}</UniqueIdentifier>
    </Filter>
    <Filter Include="03.GameObjects\09.Trigger\Trigger_Battle\02.Section_C">
      <UniqueIdentifier>{a9c8e1c5-00fd-44d3-a592-e42b386a2141}</UniqueIdentifier>
    </Filter>
    <Filter Include="03.GameObjects\09.Trigger\Trigger_Battle\03.Section_Boss">
      <UniqueIdentifier>{968bfa4a-8ebf-419d-bbef-fe21f437c473}</UniqueIdentifier>
    </Filter>
    <Filter Include="03.GameObjects\03.Character\01.Enemy\01.Saber\01.States">
      <UniqueIdentifier>{6042b582-95b8-4d12-9b1e-3d285931af9c}</UniqueIdentifier>
    </Filter>
    <Filter Include="03.GameObjects\03.Character\01.Enemy\01.Saber\01.States\00.Base">
      <UniqueIdentifier>{c3e378f9-670d-4854-8f1b-9ef8b94b68ec}</UniqueIdentifier>
    </Filter>
    <Filter Include="03.GameObjects\03.Character\01.Enemy\01.Saber\01.States\01.Idle">
      <UniqueIdentifier>{2b5c0adc-b9ae-4aa6-8043-d49679394a3e}</UniqueIdentifier>
    </Filter>
    <Filter Include="97.ImGui\01.Windows\03.Sub\00.Object_Components\Collider">
      <UniqueIdentifier>{d147c71e-b41f-435d-8255-9044678a2a45}</UniqueIdentifier>
    </Filter>
    <Filter Include="97.ImGui\01.Windows\01.Mid\02.Trigger">
      <UniqueIdentifier>{3c363926-f781-475d-ba2e-6a48c42ba3c8}</UniqueIdentifier>
    </Filter>
    <Filter Include="03.GameObjects\03.Character\01.Enemy\01.Saber\01.States\02.Move">
      <UniqueIdentifier>{87ebfa13-ae0f-4497-9cab-22f0ddb3803a}</UniqueIdentifier>
    </Filter>
    <Filter Include="03.GameObjects\03.Character\01.Enemy\01.Saber\01.States\03.Act">
      <UniqueIdentifier>{fa71fb38-c177-4fd4-9a33-c05310081a78}</UniqueIdentifier>
    </Filter>
    <Filter Include="03.GameObjects\03.Character\01.Enemy\01.Saber\01.States\03.Act\01.Damaged">
      <UniqueIdentifier>{96c18765-1b59-4afc-8a27-aee317a84535}</UniqueIdentifier>
    </Filter>
    <Filter Include="03.GameObjects\03.Character\01.Enemy\01.Saber\01.States\03.Act\00.Appear">
      <UniqueIdentifier>{4ca700a5-3150-44e7-bb29-0297f4623e23}</UniqueIdentifier>
    </Filter>
    <Filter Include="03.GameObjects\03.Character\01.Enemy\01.Saber\01.States\03.Act\02.Dead">
      <UniqueIdentifier>{3e19ad7c-6a54-438a-bbc5-3f41c22495b1}</UniqueIdentifier>
    </Filter>
    <Filter Include="03.GameObjects\03.Character\01.Enemy\01.Saber\01.States\03.Act\03.Attack">
      <UniqueIdentifier>{2b798329-5bdb-4fad-860b-adad57f9b62e}</UniqueIdentifier>
    </Filter>
    <Filter Include="03.GameObjects\00.Camera\02.Event">
      <UniqueIdentifier>{320825ad-7d46-4b6f-85bf-fc892379ec7c}</UniqueIdentifier>
    </Filter>
    <Filter Include="03.GameObjects\00.Camera\02.Event\00.Parry">
      <UniqueIdentifier>{07057f94-9d57-406e-aa32-a0d372f0b703}</UniqueIdentifier>
    </Filter>
    <Filter Include="03.GameObjects\04.Weapon\01.Enemy\01.Blader_Arm">
      <UniqueIdentifier>{03636273-fb15-4ae8-b228-d693a97c0b72}</UniqueIdentifier>
    </Filter>
    <Filter Include="03.GameObjects\10.UI\00.HUD">
      <UniqueIdentifier>{7c8aa04a-058b-4de6-abd6-0ad240fd31c4}</UniqueIdentifier>
    </Filter>
    <Filter Include="97.ImGui\01.Windows\01.Mid\03.UI">
      <UniqueIdentifier>{bdd2e3f3-4fd5-42c8-8500-b173b0d5e325}</UniqueIdentifier>
    </Filter>
    <Filter Include="01.GameManager\03.UiManager">
      <UniqueIdentifier>{7cea92e8-2401-4a83-ad87-f8714f472a5c}</UniqueIdentifier>
    </Filter>
    <Filter Include="03.GameObjects\10.UI\03.Fight">
      <UniqueIdentifier>{ddf0d603-34fa-4331-af1b-69cc48bbd66c}</UniqueIdentifier>
    </Filter>
    <Filter Include="03.GameObjects\04.Weapon\00.Player\01.Peppermint_Gun">
      <UniqueIdentifier>{0e06fd5a-b21d-4cf9-85e6-7fd0267d70d3}</UniqueIdentifier>
    </Filter>
    <Filter Include="03.GameObjects\04.Weapon\00.Player\02.Korsica_Stick">
      <UniqueIdentifier>{cbd57f35-e067-4900-89f9-d41a747c040e}</UniqueIdentifier>
    </Filter>
    <Filter Include="03.GameObjects\03.Character\00.Player\00.PlayerController">
      <UniqueIdentifier>{1fa77612-3c1c-4799-8a3e-10d8c7fd3773}</UniqueIdentifier>
    </Filter>
    <Filter Include="03.GameObjects\03.Character\00.Player\02.Models">
      <UniqueIdentifier>{083288df-4afb-4f6b-978d-7f0c190e16d0}</UniqueIdentifier>
    </Filter>
    <Filter Include="03.GameObjects\03.Character\00.Player\02.Models\00.Chai">
      <UniqueIdentifier>{d13b2dc3-a686-491c-9ca9-99c6ba04bdc2}</UniqueIdentifier>
    </Filter>
    <Filter Include="03.GameObjects\03.Character\00.Player\02.Models\00.Chai\States">
      <UniqueIdentifier>{c2f33d3c-e99a-4675-8309-ccaeec085fc6}</UniqueIdentifier>
    </Filter>
    <Filter Include="03.GameObjects\03.Character\00.Player\02.Models\00.Chai\States\00.Base">
      <UniqueIdentifier>{44ed72b9-fa29-4bc7-a21f-49f4011978f8}</UniqueIdentifier>
    </Filter>
    <Filter Include="03.GameObjects\03.Character\00.Player\02.Models\00.Chai\States\01.Idle">
      <UniqueIdentifier>{7cfbb5b6-3ade-44f9-9a0f-bec6c5702b7e}</UniqueIdentifier>
    </Filter>
    <Filter Include="03.GameObjects\03.Character\00.Player\02.Models\00.Chai\States\02.Move">
      <UniqueIdentifier>{c90ab2fc-34ad-4427-86e8-2909209c830a}</UniqueIdentifier>
    </Filter>
    <Filter Include="03.GameObjects\03.Character\00.Player\02.Models\00.Chai\States\02.Move\00.Run">
      <UniqueIdentifier>{d1943755-03f3-41e1-9425-eea71f96d7b1}</UniqueIdentifier>
    </Filter>
    <Filter Include="03.GameObjects\03.Character\00.Player\02.Models\00.Chai\States\02.Move\02.Jump">
      <UniqueIdentifier>{1014a25d-a863-4824-941d-84fc6963608d}</UniqueIdentifier>
    </Filter>
    <Filter Include="03.GameObjects\03.Character\00.Player\02.Models\00.Chai\States\02.Move\01.Dash">
      <UniqueIdentifier>{a7d0508d-a5d2-4e21-a6ff-5b102c8dbd5e}</UniqueIdentifier>
    </Filter>
    <Filter Include="03.GameObjects\03.Character\00.Player\02.Models\00.Chai\States\03.Act">
      <UniqueIdentifier>{681f2993-99a3-4598-9c0e-83172478c05f}</UniqueIdentifier>
    </Filter>
    <Filter Include="03.GameObjects\03.Character\00.Player\02.Models\00.Chai\States\03.Act\00.Attack">
      <UniqueIdentifier>{1aadbd1d-86ba-4e87-9de5-bb9cf8180bcc}</UniqueIdentifier>
    </Filter>
    <Filter Include="03.GameObjects\03.Character\00.Player\02.Models\00.Chai\States\03.Act\01.Damaged">
      <UniqueIdentifier>{69807072-b6d2-4a54-880d-8f59fe5370aa}</UniqueIdentifier>
    </Filter>
    <Filter Include="03.GameObjects\03.Character\00.Player\02.Models\00.Chai\States\03.Act\02.Parry">
      <UniqueIdentifier>{c1d50e8d-522f-4538-ad33-edd44c747d04}</UniqueIdentifier>
    </Filter>
    <Filter Include="03.GameObjects\03.Character\00.Player\02.Models\00.Chai\States\03.Act\03.ParryEvent">
      <UniqueIdentifier>{b0407006-423d-4f5a-b77d-e68b0d7098ca}</UniqueIdentifier>
    </Filter>
    <Filter Include="03.GameObjects\03.Character\00.Player\02.Models\01.Peppermint">
      <UniqueIdentifier>{b973f5cd-2288-4df9-8dfc-853eba5586fe}</UniqueIdentifier>
    </Filter>
    <Filter Include="03.GameObjects\03.Character\00.Player\02.Models\01.Peppermint\States">
      <UniqueIdentifier>{47113484-6bda-437e-bd3c-8ee719fb2592}</UniqueIdentifier>
    </Filter>
    <Filter Include="03.GameObjects\03.Character\00.Player\02.Models\01.Peppermint\States\00.Base">
      <UniqueIdentifier>{b9febbc0-e4b0-40c3-a21c-02941749e7ef}</UniqueIdentifier>
    </Filter>
    <Filter Include="03.GameObjects\03.Character\00.Player\02.Models\02.Macaron">
      <UniqueIdentifier>{ce1342c8-0abb-4593-9781-3ea878adca94}</UniqueIdentifier>
    </Filter>
    <Filter Include="03.GameObjects\03.Character\00.Player\02.Models\02.Macaron\States">
      <UniqueIdentifier>{b7cd8066-1e7b-4210-87f2-28df101a6cc1}</UniqueIdentifier>
    </Filter>
    <Filter Include="03.GameObjects\03.Character\00.Player\02.Models\02.Macaron\States\00.Base">
      <UniqueIdentifier>{24a09f33-2972-4804-a120-f395554f37c2}</UniqueIdentifier>
    </Filter>
    <Filter Include="03.GameObjects\03.Character\00.Player\02.Models\03.Korsica">
      <UniqueIdentifier>{fb6c5c35-60e3-4495-baf8-d420b4b14772}</UniqueIdentifier>
    </Filter>
    <Filter Include="03.GameObjects\03.Character\00.Player\02.Models\03.Korsica\States">
      <UniqueIdentifier>{144e7c10-e110-48cf-95e9-aec2826a4f72}</UniqueIdentifier>
    </Filter>
    <Filter Include="03.GameObjects\03.Character\00.Player\02.Models\03.Korsica\States\00.Base">
      <UniqueIdentifier>{48e4bac1-061e-4ce5-83db-d5fbf4697fd8}</UniqueIdentifier>
    </Filter>
    <Filter Include="03.GameObjects\03.Character\00.Player\01.Input">
      <UniqueIdentifier>{3192c611-76d0-4580-9cf2-8d3494f804a4}</UniqueIdentifier>
    </Filter>
    <Filter Include="03.GameObjects\03.Character\00.Player\02.Models\01.Peppermint\States\01.Battle">
      <UniqueIdentifier>{5b46e570-4749-4f77-8bd9-decea53909e4}</UniqueIdentifier>
    </Filter>
    <Filter Include="03.GameObjects\03.Character\00.Player\02.Models\02.Macaron\States\01.Battle">
      <UniqueIdentifier>{510fe523-9292-4685-abac-3e299d6a5e7e}</UniqueIdentifier>
    </Filter>
    <Filter Include="03.GameObjects\03.Character\00.Player\02.Models\03.Korsica\States\01.Battle">
      <UniqueIdentifier>{2710d6e4-de2b-478f-8fcf-b043760b03e5}</UniqueIdentifier>
    </Filter>
    <Filter Include="03.GameObjects\03.Character\00.Player\02.Models\01.Peppermint\States\02.Gimmick">
      <UniqueIdentifier>{fa451899-3ddf-4518-9718-3bdf83395b51}</UniqueIdentifier>
    </Filter>
    <Filter Include="03.GameObjects\03.Character\00.Player\02.Models\02.Macaron\States\02.Gimmick">
      <UniqueIdentifier>{6439f0a5-4c62-4e5d-b74b-705849f07480}</UniqueIdentifier>
    </Filter>
    <Filter Include="03.GameObjects\03.Character\00.Player\02.Models\03.Korsica\States\02.Gimmick">
      <UniqueIdentifier>{bed8a8c7-8ea2-44f5-8e73-f3631d906c76}</UniqueIdentifier>
    </Filter>
    <Filter Include="03.GameObjects\06.Item">
      <UniqueIdentifier>{8d00615d-1136-40b0-89e2-2793a921cc6c}</UniqueIdentifier>
    </Filter>
    <Filter Include="03.GameObjects\05.Projectile">
      <UniqueIdentifier>{82a93ff7-2d4d-4990-b7d9-fc124a173d81}</UniqueIdentifier>
    </Filter>
    <Filter Include="03.GameObjects\05.Projectile\00.Peppermint_Bullet">
      <UniqueIdentifier>{b4d93f1d-f292-4ce5-b088-f244a87057db}</UniqueIdentifier>
    </Filter>
    <Filter Include="03.GameObjects\05.Projectile\01.Korsica_Wind">
      <UniqueIdentifier>{f826e3f5-39cb-4aa7-95c5-b7090062515e}</UniqueIdentifier>
    </Filter>
    <Filter Include="03.GameObjects\10.UI\00.HUD\00.Player">
      <UniqueIdentifier>{7ad75233-2540-4df6-93b5-615b4897d8ff}</UniqueIdentifier>
    </Filter>
    <Filter Include="03.GameObjects\10.UI\00.HUD\01.Hud_Boss">
      <UniqueIdentifier>{fad2e16a-24b4-4dac-9f90-4a05162ab4b1}</UniqueIdentifier>
    </Filter>
    <Filter Include="03.GameObjects\10.UI\01.Gimmick">
      <UniqueIdentifier>{33941627-0139-4c70-9efd-214a8844a938}</UniqueIdentifier>
    </Filter>
    <Filter Include="03.GameObjects\10.UI\01.Gimmick\00.Parry">
      <UniqueIdentifier>{9871f97f-c210-4188-ae23-46080697ca5d}</UniqueIdentifier>
    </Filter>
    <Filter Include="03.GameObjects\10.UI\01.Gimmick\00.Parry\00.Result">
      <UniqueIdentifier>{1e76db1f-b972-4e01-9d82-f5f655158130}</UniqueIdentifier>
    </Filter>
    <Filter Include="03.GameObjects\10.UI\01.Gimmick\00.Parry\01.Rhythm">
      <UniqueIdentifier>{52b20b88-46d3-4dd3-ac12-9faed0e3b523}</UniqueIdentifier>
    </Filter>
    <Filter Include="03.GameObjects\10.UI\02.Dialouge">
      <UniqueIdentifier>{91f8493e-0224-4629-91ab-69b8b519d0d6}</UniqueIdentifier>
    </Filter>
    <Filter Include="03.GameObjects\10.UI\01.Gimmick\00.Peppermint">
      <UniqueIdentifier>{1d9637d6-78c1-47ed-a648-2929df90f5b9}</UniqueIdentifier>
    </Filter>
    <Filter Include="03.GameObjects\10.UI\01.Gimmick\00.Peppermint\01.Aim">
      <UniqueIdentifier>{4fdc5aec-dd14-4390-8b09-4bfbd192fed2}</UniqueIdentifier>
    </Filter>
    <Filter Include="03.GameObjects\10.UI\01.Gimmick\00.Peppermint\00.Mark">
      <UniqueIdentifier>{9c6be630-e721-4c3e-bd8a-cbd110183f6a}</UniqueIdentifier>
    </Filter>
    <Filter Include="03.GameObjects\01.Environment\02.Dynamic">
      <UniqueIdentifier>{8fb0483e-5266-43dc-92e3-d568cc733951}</UniqueIdentifier>
    </Filter>
    <Filter Include="03.GameObjects\01.Environment\01.Static\00.StaticDummy">
      <UniqueIdentifier>{740c7b71-1c0a-4ebc-9619-28a0fc0626b5}</UniqueIdentifier>
    </Filter>
    <Filter Include="03.GameObjects\01.Environment\02.Dynamic\00.Dynamic">
      <UniqueIdentifier>{d73bec3b-31bf-4838-b139-c5401f21d788}</UniqueIdentifier>
    </Filter>
    <Filter Include="03.GameObjects\01.Environment\02.Dynamic\01.Crane">
      <UniqueIdentifier>{44eabd7c-57bb-471d-a536-510cd8bfab45}</UniqueIdentifier>
    </Filter>
    <Filter Include="03.GameObjects\01.Environment\02.Dynamic\02.Switch">
      <UniqueIdentifier>{16b73a20-cae7-428c-b7db-bb0e8795f3e1}</UniqueIdentifier>
    </Filter>
    <Filter Include="03.GameObjects\01.Environment\02.Dynamic\03.Macaron_Wall">
      <UniqueIdentifier>{2287f3a8-e178-4fcd-89d7-2d1265fec3c6}</UniqueIdentifier>
    </Filter>
    <Filter Include="97.ImGui\01.Windows\01.Mid\04.Dynamic">
      <UniqueIdentifier>{e4b7b9d8-adb5-4fa0-9d61-6d284e1cde99}</UniqueIdentifier>
    </Filter>
    <Filter Include="03.GameObjects\10.UI\01.Gimmick\00.Peppermint\02.Target %28Not Used%29">
      <UniqueIdentifier>{ad5733e2-2219-48d3-9b05-2f0b73ac0aa4}</UniqueIdentifier>
    </Filter>
    <Filter Include="03.GameObjects\00.Camera\02.Event\99.Saber_Appear %28Not Used%29">
      <UniqueIdentifier>{841cfffb-7132-4952-a087-facfd5a2a8b8}</UniqueIdentifier>
    </Filter>
    <Filter Include="03.GameObjects\00.Camera\02.Event\01.Peppermint_Gimmick">
      <UniqueIdentifier>{7d18dd86-190e-4250-99e0-de0d5ae67df8}</UniqueIdentifier>
    </Filter>
    <Filter Include="03.GameObjects\00.Camera\02.Event\01.Peppermint_Gimmick\00.Aim">
      <UniqueIdentifier>{fe968088-8fec-4607-93ec-e29a8e9f7295}</UniqueIdentifier>
    </Filter>
    <Filter Include="03.GameObjects\00.Camera\02.Event\01.Peppermint_Gimmick\01.Crane">
      <UniqueIdentifier>{338dd800-8591-42f0-9fd2-646b9c6818bf}</UniqueIdentifier>
    </Filter>
    <Filter Include="03.GameObjects\00.Camera\02.Event\02.Macaron_Gimmick">
      <UniqueIdentifier>{5fe9fdd9-bb58-4116-9581-30c41174fd67}</UniqueIdentifier>
    </Filter>
    <Filter Include="03.GameObjects\00.Camera\02.Event\02.Macaron_Gimmick\00.Wall">
      <UniqueIdentifier>{3ed0956f-6f65-4cbe-b761-5044c22fc3e6}</UniqueIdentifier>
    </Filter>
    <Filter Include="03.GameObjects\01.Environment\02.Dynamic\04.Bridge">
      <UniqueIdentifier>{ecfd3831-e6e4-4e7b-8616-910c9375ee91}</UniqueIdentifier>
    </Filter>
    <Filter Include="03.GameObjects\03.Character\01.Enemy\03.Blader">
      <UniqueIdentifier>{d52fc8f6-02bb-44f8-87e5-c7386b8db973}</UniqueIdentifier>
    </Filter>
    <Filter Include="03.GameObjects\03.Character\01.Enemy\03.Blader\00.Model">
      <UniqueIdentifier>{f299087f-9e6e-480d-a4f9-3751aaba78f8}</UniqueIdentifier>
    </Filter>
    <Filter Include="03.GameObjects\03.Character\01.Enemy\03.Blader\01.States">
      <UniqueIdentifier>{d3c32f2c-2996-42d2-8a44-f546235d823a}</UniqueIdentifier>
    </Filter>
    <Filter Include="03.GameObjects\03.Character\01.Enemy\03.Blader\01.States\00.Base">
      <UniqueIdentifier>{7e2ba9f0-9adf-48b7-a4f5-a7122292529a}</UniqueIdentifier>
    </Filter>
    <Filter Include="03.GameObjects\03.Character\01.Enemy\03.Blader\01.States\01.Idle">
      <UniqueIdentifier>{b0c8c809-3a70-48ad-85a4-00dddc38c25d}</UniqueIdentifier>
    </Filter>
    <Filter Include="03.GameObjects\03.Character\01.Enemy\03.Blader\01.States\02.Move">
      <UniqueIdentifier>{c263baf2-fb98-4a49-a57d-1c01c1cb70b0}</UniqueIdentifier>
    </Filter>
    <Filter Include="03.GameObjects\03.Character\01.Enemy\03.Blader\01.States\03.Atc">
      <UniqueIdentifier>{a8cfb392-9a2b-4caf-981a-69c5a655423e}</UniqueIdentifier>
    </Filter>
    <Filter Include="03.GameObjects\03.Character\01.Enemy\03.Blader\01.States\03.Atc\00.Appear">
      <UniqueIdentifier>{b1fe3645-ed34-41aa-b4d1-7e78c153248f}</UniqueIdentifier>
    </Filter>
    <Filter Include="03.GameObjects\03.Character\01.Enemy\03.Blader\01.States\03.Atc\02.Damaged">
      <UniqueIdentifier>{c01bf046-917e-4b0c-b2e8-ff56071db4e5}</UniqueIdentifier>
    </Filter>
    <Filter Include="03.GameObjects\03.Character\01.Enemy\03.Blader\01.States\03.Atc\01.Attack">
      <UniqueIdentifier>{450574a9-f6d6-46d1-87f4-1afa8493c476}</UniqueIdentifier>
    </Filter>
    <Filter Include="03.GameObjects\03.Character\01.Enemy\03.Blader\01.States\03.Atc\04.Dead">
      <UniqueIdentifier>{21c833ba-6e5e-461e-8be5-0667db96d960}</UniqueIdentifier>
    </Filter>
    <Filter Include="03.GameObjects\03.Character\01.Enemy\03.Blader\01.States\03.Atc\03.ParryEvent">
      <UniqueIdentifier>{fea555e7-02bc-49e6-a5ff-20266526bf75}</UniqueIdentifier>
    </Filter>
    <Filter Include="03.GameObjects\03.Character\01.Enemy\02.Gunner">
      <UniqueIdentifier>{978f5f05-3835-4f99-8450-2487260d9e26}</UniqueIdentifier>
    </Filter>
    <Filter Include="03.GameObjects\03.Character\01.Enemy\02.Gunner\00.Model">
      <UniqueIdentifier>{101dfbba-dad7-4f56-9d07-fbaf8c7e0531}</UniqueIdentifier>
    </Filter>
    <Filter Include="03.GameObjects\03.Character\01.Enemy\02.Gunner\01.States">
      <UniqueIdentifier>{027c7fa8-8f14-4c71-911c-fe2842e9fc18}</UniqueIdentifier>
    </Filter>
    <Filter Include="03.GameObjects\03.Character\01.Enemy\02.Gunner\01.States\00.Base">
      <UniqueIdentifier>{abf929b8-8a6b-4cba-a04f-7808264a0de1}</UniqueIdentifier>
    </Filter>
    <Filter Include="03.GameObjects\03.Character\01.Enemy\02.Gunner\01.States\01.Idle">
      <UniqueIdentifier>{9b11053e-bff6-4b0d-b1c3-08215b3c1051}</UniqueIdentifier>
    </Filter>
    <Filter Include="03.GameObjects\03.Character\01.Enemy\02.Gunner\01.States\03.Act">
      <UniqueIdentifier>{f418e206-d2fc-4a72-83f7-2369d5910fef}</UniqueIdentifier>
    </Filter>
    <Filter Include="03.GameObjects\03.Character\01.Enemy\02.Gunner\01.States\03.Act\00.NonCombat">
      <UniqueIdentifier>{d8f4cd77-d10a-4b14-8b21-37946ebfffcd}</UniqueIdentifier>
    </Filter>
    <Filter Include="03.GameObjects\03.Character\01.Enemy\02.Gunner\01.States\03.Act\01.Damaged">
      <UniqueIdentifier>{0905665a-54ca-4e38-b072-54ea49d776fe}</UniqueIdentifier>
    </Filter>
    <Filter Include="03.GameObjects\03.Character\01.Enemy\02.Gunner\01.States\03.Act\02.Dead">
      <UniqueIdentifier>{015a93e6-1c58-4523-bc4f-9b483f140a4f}</UniqueIdentifier>
    </Filter>
    <Filter Include="03.GameObjects\03.Character\01.Enemy\02.Gunner\01.States\03.Act\03.Attack">
      <UniqueIdentifier>{41f46c30-5b6b-4174-8be4-f17e8f44963b}</UniqueIdentifier>
    </Filter>
    <Filter Include="03.GameObjects\03.Character\01.Enemy\02.Gunner\01.States\02.Move">
      <UniqueIdentifier>{891f54e7-6eed-49c1-a977-75bd81d7eb3a}</UniqueIdentifier>
    </Filter>
    <Filter Include="03.GameObjects\03.Character\00.Player\02.Models\00.Chai\States\03.Act\04.Special">
      <UniqueIdentifier>{5a5f624c-1362-4cc9-8a6c-351d0b88c939}</UniqueIdentifier>
    </Filter>
    <Filter Include="03.GameObjects\10.UI\04.SpecialAttack">
      <UniqueIdentifier>{a2efae79-8de0-4b0d-8410-28d1f2ec4f11}</UniqueIdentifier>
    </Filter>
    <Filter Include="03.GameObjects\01.Environment\02.Dynamic\05.AutoDoor">
      <UniqueIdentifier>{d21c1cbd-6c80-48f9-a753-5c4dd2f67a01}</UniqueIdentifier>
    </Filter>
    <Filter Include="03.GameObjects\11.Effect">
      <UniqueIdentifier>{1c1f7089-6ec0-41f0-a16e-94c9a63ff7f5}</UniqueIdentifier>
    </Filter>
    <Filter Include="03.GameObjects\11.Effect\00.Manager">
      <UniqueIdentifier>{0cb03069-43e4-444c-bc78-9d83a06d160c}</UniqueIdentifier>
    </Filter>
    <Filter Include="03.GameObjects\11.Effect\01.Effects">
      <UniqueIdentifier>{15bf0235-960c-447b-9460-b88fe49aa271}</UniqueIdentifier>
    </Filter>
    <Filter Include="03.GameObjects\11.Effect\01.Effects\00.Trail_Sword">
      <UniqueIdentifier>{21b01a8e-f3b5-472e-92a0-45eda8041e50}</UniqueIdentifier>
    </Filter>
    <Filter Include="03.GameObjects\11.Effect\01.Effects\01.Damaged_Enemy">
      <UniqueIdentifier>{9aa83727-32aa-4ad9-813a-d43bace32253}</UniqueIdentifier>
    </Filter>
    <Filter Include="03.GameObjects\11.Effect\01.Effects\02.Explosion_Enemy">
      <UniqueIdentifier>{5d08fe37-3991-4d41-a3d9-cec7902f197a}</UniqueIdentifier>
    </Filter>
    <Filter Include="03.GameObjects\11.Effect\01.Effects\03.Projectile_Peppermint">
      <UniqueIdentifier>{aefa851e-e24a-427a-92f4-d1de827171d6}</UniqueIdentifier>
    </Filter>
  </ItemGroup>
  <ItemGroup>
    <ClInclude Include="stdafx.h">
      <Filter>98.Default</Filter>
    </ClInclude>
    <ClInclude Include="..\public\MainApp.h">
      <Filter>00.MainApp</Filter>
    </ClInclude>
    <ClInclude Include="..\Public\Client_Defines.h">
      <Filter>99.Defines</Filter>
    </ClInclude>
    <ClInclude Include="..\public\Level_Logo.h">
      <Filter>02.Levels\00.Logo</Filter>
    </ClInclude>
    <ClInclude Include="..\Public\Level_Loading.h">
      <Filter>02.Levels\99.Loading</Filter>
    </ClInclude>
    <ClInclude Include="..\public\Loader.h">
      <Filter>02.Levels\99.Loading\Loader</Filter>
    </ClInclude>
    <ClInclude Include="Client.h">
      <Filter>98.Default\NotUsed</Filter>
    </ClInclude>
    <ClInclude Include="Resource.h">
      <Filter>98.Default\NotUsed</Filter>
    </ClInclude>
    <ClInclude Include="targetver.h">
      <Filter>98.Default\NotUsed</Filter>
    </ClInclude>
    <ClInclude Include="..\ImGui\imconfig.h">
      <Filter>98.Default\ImGui</Filter>
    </ClInclude>
    <ClInclude Include="..\ImGui\imgui.h">
      <Filter>98.Default\ImGui</Filter>
    </ClInclude>
    <ClInclude Include="..\ImGui\imgui_impl_dx11.h">
      <Filter>98.Default\ImGui</Filter>
    </ClInclude>
    <ClInclude Include="..\ImGui\imgui_impl_win32.h">
      <Filter>98.Default\ImGui</Filter>
    </ClInclude>
    <ClInclude Include="..\ImGui\imgui_internal.h">
      <Filter>98.Default\ImGui</Filter>
    </ClInclude>
    <ClInclude Include="..\ImGui\imstb_rectpack.h">
      <Filter>98.Default\ImGui</Filter>
    </ClInclude>
    <ClInclude Include="..\ImGui\imstb_textedit.h">
      <Filter>98.Default\ImGui</Filter>
    </ClInclude>
    <ClInclude Include="..\ImGui\imstb_truetype.h">
      <Filter>98.Default\ImGui</Filter>
    </ClInclude>
    <ClInclude Include="..\Public\Terrain.h">
      <Filter>03.GameObjects\01.Environment\99.Terrain</Filter>
    </ClInclude>
    <ClInclude Include="..\Public\ImGui_Manager.h">
      <Filter>97.ImGui\00.Manager</Filter>
    </ClInclude>
    <ClInclude Include="..\Public\ImGui_Window.h">
      <Filter>97.ImGui\01.Windows</Filter>
    </ClInclude>
    <ClInclude Include="..\Public\ImGui_Window_Main_Controller.h">
      <Filter>97.ImGui\01.Windows\00.Main\00.Controller</Filter>
    </ClInclude>
    <ClInclude Include="..\Public\ImGui_Window_Main_Object.h">
      <Filter>97.ImGui\01.Windows\00.Main\01.Object</Filter>
    </ClInclude>
    <ClInclude Include="..\Public\ImGui_Window_Main_Hierarachy.h">
      <Filter>97.ImGui\01.Windows\00.Main\02.Hierarachy</Filter>
    </ClInclude>
    <ClInclude Include="..\Public\ImGui_Window_Main_Demo.h">
      <Filter>97.ImGui\01.Windows\99.Demo</Filter>
    </ClInclude>
    <ClInclude Include="..\Public\Camera_Debug.h">
      <Filter>03.GameObjects\00.Camera\00.Debug</Filter>
    </ClInclude>
    <ClInclude Include="..\public\BackGround.h">
      <Filter>03.GameObjects\10.UI\99.Proto</Filter>
    </ClInclude>
    <ClInclude Include="..\Public\Level_Stage_01.h">
      <Filter>02.Levels\01.Stage\Stage_01</Filter>
    </ClInclude>
    <ClInclude Include="..\Public\Level_Stage_02.h">
      <Filter>02.Levels\01.Stage\Stage_02</Filter>
    </ClInclude>
    <ClInclude Include="..\Public\Level_Stage_03.h">
      <Filter>02.Levels\01.Stage\Stage_03</Filter>
    </ClInclude>
    <ClInclude Include="..\Public\Level_Proto.h">
      <Filter>02.Levels\98.Proto</Filter>
    </ClInclude>
    <ClInclude Include="..\Public\Level_Ending.h">
      <Filter>02.Levels\02.Ending</Filter>
    </ClInclude>
    <ClInclude Include="..\Public\StaticDummy.h">
      <Filter>03.GameObjects\01.Environment\01.Static\00.StaticDummy</Filter>
    </ClInclude>
    <ClInclude Include="..\Public\Character.h">
      <Filter>03.GameObjects\03.Character</Filter>
    </ClInclude>
    <ClInclude Include="..\Public\Weapon.h">
      <Filter>03.GameObjects\04.Weapon</Filter>
    </ClInclude>
    <ClInclude Include="..\Public\Camera_Follow.h">
      <Filter>03.GameObjects\00.Camera\01.Follow</Filter>
    </ClInclude>
    <ClInclude Include="..\Public\Input.h">
      <Filter>03.GameObjects\03.Character\00.Player\01.Input</Filter>
    </ClInclude>
    <ClInclude Include="..\Public\State_Chai_Base.h">
      <Filter>03.GameObjects\03.Character\00.Player\02.Models\00.Chai\States\00.Base</Filter>
    </ClInclude>
    <ClInclude Include="..\Public\State_Chai_Damaged.h">
      <Filter>03.GameObjects\03.Character\00.Player\02.Models\00.Chai\States\03.Act\01.Damaged</Filter>
    </ClInclude>
    <ClInclude Include="..\Public\State_Chai_Dash.h">
      <Filter>03.GameObjects\03.Character\00.Player\02.Models\00.Chai\States\02.Move\01.Dash</Filter>
    </ClInclude>
    <ClInclude Include="..\Public\State_Chai_Run.h">
      <Filter>03.GameObjects\03.Character\00.Player\02.Models\00.Chai\States\02.Move\00.Run</Filter>
    </ClInclude>
    <ClInclude Include="..\Public\State_Chai_Attack.h">
      <Filter>03.GameObjects\03.Character\00.Player\02.Models\00.Chai\States\03.Act\00.Attack</Filter>
    </ClInclude>
    <ClInclude Include="..\Public\State_Chai_Jump.h">
      <Filter>03.GameObjects\03.Character\00.Player\02.Models\00.Chai\States\02.Move\02.Jump</Filter>
    </ClInclude>
    <ClInclude Include="..\Public\State_Chai_Parry.h">
      <Filter>03.GameObjects\03.Character\00.Player\02.Models\00.Chai\States\03.Act\02.Parry</Filter>
    </ClInclude>
    <ClInclude Include="..\Public\ImGui_Window_Sub_Com_Model.h">
      <Filter>97.ImGui\01.Windows\03.Sub\00.Object_Components\Anim</Filter>
    </ClInclude>
    <ClInclude Include="..\Public\Saber.h">
      <Filter>03.GameObjects\03.Character\01.Enemy\01.Saber\00.Model</Filter>
    </ClInclude>
    <ClInclude Include="..\Public\Enemy.h">
      <Filter>03.GameObjects\03.Character\01.Enemy</Filter>
    </ClInclude>
    <ClInclude Include="..\Public\Saber_Sword.h">
      <Filter>03.GameObjects\04.Weapon\01.Enemy\00.Saber_Sword</Filter>
    </ClInclude>
    <ClInclude Include="..\Public\Chai_Guitar_Explore.h">
      <Filter>03.GameObjects\04.Weapon\00.Player\00.Chai_Guitar_Explore</Filter>
    </ClInclude>
    <ClInclude Include="..\Public\ImGui_Window_Sub_Prefabs.h">
      <Filter>97.ImGui\01.Windows\03.Sub\01.Hierarachy_Prefabs</Filter>
    </ClInclude>
    <ClInclude Include="..\Public\ImGui_Window_Mid_Nav.h">
      <Filter>97.ImGui\01.Windows\01.Mid\00.Nav</Filter>
    </ClInclude>
    <ClInclude Include="..\Public\DebugDraw.h">
      <Filter>97.ImGui\99.DebugDraw</Filter>
    </ClInclude>
    <ClInclude Include="..\Public\SkyBox.h">
      <Filter>03.GameObjects\01.Environment\00.Sky\00.SkyBox</Filter>
    </ClInclude>
    <ClInclude Include="..\Public\SkySphere.h">
      <Filter>03.GameObjects\01.Environment\00.Sky\01.SkySphere</Filter>
    </ClInclude>
    <ClInclude Include="..\Public\ImGui_Window_Mid_Cam.h">
      <Filter>97.ImGui\01.Windows\01.Mid\01.Camera</Filter>
    </ClInclude>
    <ClInclude Include="..\Public\GameManager.h">
      <Filter>01.GameManager\00.GameManager</Filter>
    </ClInclude>
    <ClInclude Include="..\Public\BeatManager.h">
      <Filter>01.GameManager\01.BeatManager\00.Manager</Filter>
    </ClInclude>
    <ClInclude Include="..\Public\BattleManager.h">
      <Filter>01.GameManager\02.BattleManager\00.Manager</Filter>
    </ClInclude>
    <ClInclude Include="..\Public\Ui.h">
      <Filter>03.GameObjects\10.UI</Filter>
    </ClInclude>
    <ClInclude Include="..\Public\TriggerDummy.h">
      <Filter>03.GameObjects\09.Trigger\Trigger_Dummy</Filter>
    </ClInclude>
    <ClInclude Include="..\Public\TriggerBattle.h">
      <Filter>03.GameObjects\09.Trigger\Trigger_Battle</Filter>
    </ClInclude>
    <ClInclude Include="..\Public\TriggerSection_A.h">
      <Filter>03.GameObjects\09.Trigger\Trigger_Battle\00.Section_A</Filter>
    </ClInclude>
    <ClInclude Include="..\Public\State_Saber_Base.h">
      <Filter>03.GameObjects\03.Character\01.Enemy\01.Saber\01.States\00.Base</Filter>
    </ClInclude>
    <ClInclude Include="..\Public\State_Chai_Idle.h">
      <Filter>03.GameObjects\03.Character\00.Player\02.Models\00.Chai\States\01.Idle</Filter>
    </ClInclude>
    <ClInclude Include="..\Public\ImGui_Window_Sub_Com_Col.h">
      <Filter>97.ImGui\01.Windows\03.Sub\00.Object_Components\Collider</Filter>
    </ClInclude>
    <ClInclude Include="..\Public\ImGui_Window_Mid_Trigger.h">
      <Filter>97.ImGui\01.Windows\01.Mid\02.Trigger</Filter>
    </ClInclude>
    <ClInclude Include="..\Public\State_Saber_Move.h">
      <Filter>03.GameObjects\03.Character\01.Enemy\01.Saber\01.States\02.Move</Filter>
    </ClInclude>
    <ClInclude Include="..\Public\State_Saber_Idle.h">
      <Filter>03.GameObjects\03.Character\01.Enemy\01.Saber\01.States\01.Idle</Filter>
    </ClInclude>
    <ClInclude Include="..\Public\State_Saber_Appear.h">
      <Filter>03.GameObjects\03.Character\01.Enemy\01.Saber\01.States\03.Act\00.Appear</Filter>
    </ClInclude>
    <ClInclude Include="..\Public\State_Saber_Dead.h">
      <Filter>03.GameObjects\03.Character\01.Enemy\01.Saber\01.States\03.Act\02.Dead</Filter>
    </ClInclude>
    <ClInclude Include="..\Public\State_Saber_Damaged.h">
      <Filter>03.GameObjects\03.Character\01.Enemy\01.Saber\01.States\03.Act\01.Damaged</Filter>
    </ClInclude>
    <ClInclude Include="..\Public\State_Saber_Attack.h">
      <Filter>03.GameObjects\03.Character\01.Enemy\01.Saber\01.States\03.Act\03.Attack</Filter>
    </ClInclude>
    <ClInclude Include="..\Public\TriggerSection_B.h">
      <Filter>03.GameObjects\09.Trigger\Trigger_Battle\01.Section_B</Filter>
    </ClInclude>
    <ClInclude Include="..\Public\Blader.h">
      <Filter>03.GameObjects\03.Character\01.Enemy\03.Blader\00.Model</Filter>
    </ClInclude>
    <ClInclude Include="..\Public\State_Blader_Base.h">
      <Filter>03.GameObjects\03.Character\01.Enemy\03.Blader\01.States\00.Base</Filter>
    </ClInclude>
    <ClInclude Include="..\Public\State_Blader_Idle.h">
      <Filter>03.GameObjects\03.Character\01.Enemy\03.Blader\01.States\01.Idle</Filter>
    </ClInclude>
    <ClInclude Include="..\Public\State_Blader_Move.h">
      <Filter>03.GameObjects\03.Character\01.Enemy\03.Blader\01.States\02.Move</Filter>
    </ClInclude>
    <ClInclude Include="..\Public\State_Blader_Attack.h">
      <Filter>03.GameObjects\03.Character\01.Enemy\03.Blader\01.States\03.Atc\01.Attack</Filter>
    </ClInclude>
    <ClInclude Include="..\Public\State_Blader_Damaged.h">
      <Filter>03.GameObjects\03.Character\01.Enemy\03.Blader\01.States\03.Atc\02.Damaged</Filter>
    </ClInclude>
    <ClInclude Include="..\Public\State_Blader_ParryEvent.h">
      <Filter>03.GameObjects\03.Character\01.Enemy\03.Blader\01.States\03.Atc\03.ParryEvent</Filter>
    </ClInclude>
    <ClInclude Include="..\Public\State_Blader_Dead.h">
      <Filter>03.GameObjects\03.Character\01.Enemy\03.Blader\01.States\03.Atc\04.Dead</Filter>
    </ClInclude>
    <ClInclude Include="..\Public\State_Blader_Appear.h">
      <Filter>03.GameObjects\03.Character\01.Enemy\03.Blader\01.States\03.Atc\00.Appear</Filter>
    </ClInclude>
    <ClInclude Include="..\Public\Camera_Parry.h">
      <Filter>03.GameObjects\00.Camera\02.Event\00.Parry</Filter>
    </ClInclude>
    <ClInclude Include="..\Public\Blader_Arm.h">
      <Filter>03.GameObjects\04.Weapon\01.Enemy\01.Blader_Arm</Filter>
    </ClInclude>
    <ClInclude Include="..\Public\State_Chai_ParryEvent.h">
      <Filter>03.GameObjects\03.Character\00.Player\02.Models\00.Chai\States\03.Act\03.ParryEvent</Filter>
    </ClInclude>
    <ClInclude Include="..\Public\ImGui_Window_Mid_Ui.h">
      <Filter>97.ImGui\01.Windows\01.Mid\03.UI</Filter>
    </ClInclude>
    <ClInclude Include="..\Public\Ui_Parry_Result.h">
      <Filter>03.GameObjects\10.UI\01.Gimmick\00.Parry\00.Result</Filter>
    </ClInclude>
    <ClInclude Include="..\Public\Ui_Parry_Rhythm.h">
      <Filter>03.GameObjects\10.UI\01.Gimmick\00.Parry\01.Rhythm</Filter>
    </ClInclude>
    <ClInclude Include="..\Public\UiManager.h">
      <Filter>01.GameManager\03.UiManager</Filter>
    </ClInclude>
    <ClInclude Include="..\Public\Camera_Saber_Appear.h">
      <Filter>03.GameObjects\00.Camera\02.Event\99.Saber_Appear %28Not Used%29</Filter>
    </ClInclude>
    <ClInclude Include="..\Public\Ui_Fight_Logo.h">
      <Filter>03.GameObjects\10.UI\03.Fight</Filter>
    </ClInclude>
    <ClInclude Include="..\Public\Ui_Dialouge.h">
      <Filter>03.GameObjects\10.UI\02.Dialouge</Filter>
    </ClInclude>
    <ClInclude Include="..\Public\Ui_Hud_Boss.h">
      <Filter>03.GameObjects\10.UI\00.HUD\01.Hud_Boss</Filter>
    </ClInclude>
    <ClInclude Include="..\Public\Chai.h">
      <Filter>03.GameObjects\03.Character\00.Player\02.Models\00.Chai</Filter>
    </ClInclude>
    <ClInclude Include="..\Public\Peppermint.h">
      <Filter>03.GameObjects\03.Character\00.Player\02.Models\01.Peppermint</Filter>
    </ClInclude>
    <ClInclude Include="..\Public\Korsica.h">
      <Filter>03.GameObjects\03.Character\00.Player\02.Models\03.Korsica</Filter>
    </ClInclude>
    <ClInclude Include="..\Public\Macaron.h">
      <Filter>03.GameObjects\03.Character\00.Player\02.Models\02.Macaron</Filter>
    </ClInclude>
    <ClInclude Include="..\Public\Korsica_Stick.h">
      <Filter>03.GameObjects\04.Weapon\00.Player\02.Korsica_Stick</Filter>
    </ClInclude>
    <ClInclude Include="..\Public\Peppermint_Gun.h">
      <Filter>03.GameObjects\04.Weapon\00.Player\01.Peppermint_Gun</Filter>
    </ClInclude>
    <ClInclude Include="..\Public\PlayerController.h">
      <Filter>03.GameObjects\03.Character\00.Player\00.PlayerController</Filter>
    </ClInclude>
    <ClInclude Include="..\Public\State_Peppermint_Base.h">
      <Filter>03.GameObjects\03.Character\00.Player\02.Models\01.Peppermint\States\00.Base</Filter>
    </ClInclude>
    <ClInclude Include="..\Public\State_Korsica_Base.h">
      <Filter>03.GameObjects\03.Character\00.Player\02.Models\03.Korsica\States\00.Base</Filter>
    </ClInclude>
    <ClInclude Include="..\Public\State_Macaron_Battle.h">
      <Filter>03.GameObjects\03.Character\00.Player\02.Models\02.Macaron\States\01.Battle</Filter>
    </ClInclude>
    <ClInclude Include="..\Public\State_Peppermint_Gimmick.h">
      <Filter>03.GameObjects\03.Character\00.Player\02.Models\01.Peppermint\States\02.Gimmick</Filter>
    </ClInclude>
    <ClInclude Include="..\Public\State_Korsica_Battle.h">
      <Filter>03.GameObjects\03.Character\00.Player\02.Models\03.Korsica\States\01.Battle</Filter>
    </ClInclude>
    <ClInclude Include="..\Public\State_Macaron_Base.h">
      <Filter>03.GameObjects\03.Character\00.Player\02.Models\02.Macaron\States\00.Base</Filter>
    </ClInclude>
    <ClInclude Include="..\Public\State_Macaron_Gimmick.h">
      <Filter>03.GameObjects\03.Character\00.Player\02.Models\02.Macaron\States\02.Gimmick</Filter>
    </ClInclude>
    <ClInclude Include="..\Public\State_Peppermint_Battle.h">
      <Filter>03.GameObjects\03.Character\00.Player\02.Models\01.Peppermint\States\01.Battle</Filter>
    </ClInclude>
    <ClInclude Include="..\Public\State_Korsica_Gimmick.h">
      <Filter>03.GameObjects\03.Character\00.Player\02.Models\03.Korsica\States\02.Gimmick</Filter>
    </ClInclude>
    <ClInclude Include="..\Public\Peppermint_Bullet.h">
      <Filter>03.GameObjects\05.Projectile\00.Peppermint_Bullet</Filter>
    </ClInclude>
    <ClInclude Include="..\Public\Projectile.h">
      <Filter>03.GameObjects\05.Projectile</Filter>
    </ClInclude>
    <ClInclude Include="..\Public\Korsica_Wind.h">
      <Filter>03.GameObjects\05.Projectile\01.Korsica_Wind</Filter>
    </ClInclude>
    <ClInclude Include="..\Public\Ui_Hud.h">
      <Filter>03.GameObjects\10.UI\00.HUD\00.Player</Filter>
    </ClInclude>
    <ClInclude Include="..\Public\Ui_Gimmick_Peppermint_Aim.h">
      <Filter>03.GameObjects\10.UI\01.Gimmick\00.Peppermint\01.Aim</Filter>
    </ClInclude>
    <ClInclude Include="..\Public\Ui_Gimmick_Peppermint_Mark.h">
      <Filter>03.GameObjects\10.UI\01.Gimmick\00.Peppermint\00.Mark</Filter>
    </ClInclude>
    <ClInclude Include="..\Public\Ui_Gimmick_Peppermint_Target.h">
      <Filter>03.GameObjects\10.UI\01.Gimmick\00.Peppermint\02.Target %28Not Used%29</Filter>
    </ClInclude>
    <ClInclude Include="..\Public\Dynamic.h">
      <Filter>03.GameObjects\01.Environment\02.Dynamic\00.Dynamic</Filter>
    </ClInclude>
    <ClInclude Include="..\Public\Dynamic_Switch.h">
      <Filter>03.GameObjects\01.Environment\02.Dynamic\02.Switch</Filter>
    </ClInclude>
    <ClInclude Include="..\Public\Dynamic_Macaron_Wall.h">
      <Filter>03.GameObjects\01.Environment\02.Dynamic\03.Macaron_Wall</Filter>
    </ClInclude>
    <ClInclude Include="..\Public\ImGui_Window_Mid_Dynamic.h">
      <Filter>97.ImGui\01.Windows\01.Mid\04.Dynamic</Filter>
    </ClInclude>
    <ClInclude Include="..\Public\Camera_Peppermint_Gimmick_Aim.h">
      <Filter>03.GameObjects\00.Camera\02.Event\01.Peppermint_Gimmick\00.Aim</Filter>
    </ClInclude>
    <ClInclude Include="..\Public\Camera_Peppermint_Gimmick_Crane.h">
      <Filter>03.GameObjects\00.Camera\02.Event\01.Peppermint_Gimmick\01.Crane</Filter>
    </ClInclude>
    <ClInclude Include="..\Public\Dynamic_Crane.h">
      <Filter>03.GameObjects\01.Environment\02.Dynamic\01.Crane</Filter>
    </ClInclude>
    <ClInclude Include="..\Public\Camera_Macaron_Gimmick_Wall.h">
      <Filter>03.GameObjects\00.Camera\02.Event\02.Macaron_Gimmick\00.Wall</Filter>
    </ClInclude>
    <ClInclude Include="..\Public\Dynamic_Bridge.h">
      <Filter>03.GameObjects\01.Environment\02.Dynamic\04.Bridge</Filter>
    </ClInclude>
    <ClInclude Include="..\Public\Gunner.h">
      <Filter>03.GameObjects\03.Character\01.Enemy\02.Gunner\00.Model</Filter>
    </ClInclude>
    <ClInclude Include="..\Public\TriggerSection_C.h">
      <Filter>03.GameObjects\09.Trigger\Trigger_Battle\02.Section_C</Filter>
    </ClInclude>
    <ClInclude Include="..\Public\State_Gunner_NonCombat.h">
      <Filter>03.GameObjects\03.Character\01.Enemy\02.Gunner\01.States\03.Act\00.NonCombat</Filter>
    </ClInclude>
    <ClInclude Include="..\Public\State_Gunner_Idle.h">
      <Filter>03.GameObjects\03.Character\01.Enemy\02.Gunner\01.States\01.Idle</Filter>
    </ClInclude>
    <ClInclude Include="..\Public\State_Gunner_Move.h">
      <Filter>03.GameObjects\03.Character\01.Enemy\02.Gunner\01.States\02.Move</Filter>
    </ClInclude>
    <ClInclude Include="..\Public\State_Gunner_Damaged.h">
      <Filter>03.GameObjects\03.Character\01.Enemy\02.Gunner\01.States\03.Act\01.Damaged</Filter>
    </ClInclude>
    <ClInclude Include="..\Public\State_Gunner_Attack.h">
      <Filter>03.GameObjects\03.Character\01.Enemy\02.Gunner\01.States\03.Act\03.Attack</Filter>
    </ClInclude>
    <ClInclude Include="..\Public\State_Gunner_Dead.h">
      <Filter>03.GameObjects\03.Character\01.Enemy\02.Gunner\01.States\03.Act\02.Dead</Filter>
    </ClInclude>
    <ClInclude Include="..\Public\State_Gunner_Base.h">
      <Filter>03.GameObjects\03.Character\01.Enemy\02.Gunner\01.States\00.Base</Filter>
    </ClInclude>
    <ClInclude Include="..\Public\State_Chai_SpecialAttack.h">
      <Filter>03.GameObjects\03.Character\00.Player\02.Models\00.Chai\States\03.Act\04.Special</Filter>
    </ClInclude>
    <ClInclude Include="..\Public\Ui_SpecialAttack.h">
      <Filter>03.GameObjects\10.UI\04.SpecialAttack</Filter>
    </ClInclude>
    <ClInclude Include="..\Public\Dynamic_AutoDoor.h">
      <Filter>03.GameObjects\01.Environment\02.Dynamic\05.AutoDoor</Filter>
    </ClInclude>
    <ClInclude Include="..\Public\Effect.h">
      <Filter>03.GameObjects\11.Effect\01.Effects</Filter>
    </ClInclude>
    <ClInclude Include="..\Public\Effect_Trail_Sword.h">
      <Filter>03.GameObjects\11.Effect\01.Effects\00.Trail_Sword</Filter>
    </ClInclude>
    <ClInclude Include="..\Public\EffectManager.h">
      <Filter>03.GameObjects\11.Effect\00.Manager</Filter>
    </ClInclude>
    <ClInclude Include="..\Public\Effect_Damaged_Enemy.h">
      <Filter>03.GameObjects\11.Effect\01.Effects\01.Damaged_Enemy</Filter>
    </ClInclude>
    <ClInclude Include="..\Public\Effect_Explosion_Enemy.h">
      <Filter>03.GameObjects\11.Effect\01.Effects\02.Explosion_Enemy</Filter>
    </ClInclude>
    <ClInclude Include="..\Public\Effect_Projectile_Peppermint.h">
      <Filter>03.GameObjects\11.Effect\01.Effects\03.Projectile_Peppermint</Filter>
    </ClInclude>
  </ItemGroup>
  <ItemGroup>
    <ClCompile Include="..\private\MainApp.cpp">
      <Filter>00.MainApp</Filter>
    </ClCompile>
    <ClCompile Include="..\private\Level_Logo.cpp">
      <Filter>02.Levels\00.Logo</Filter>
    </ClCompile>
    <ClCompile Include="..\Private\Level_Loading.cpp">
      <Filter>02.Levels\99.Loading</Filter>
    </ClCompile>
    <ClCompile Include="..\private\Loader.cpp">
      <Filter>02.Levels\99.Loading\Loader</Filter>
    </ClCompile>
    <ClCompile Include="Client.cpp">
      <Filter>98.Default</Filter>
    </ClCompile>
    <ClCompile Include="stdafx.cpp">
      <Filter>98.Default\NotUsed</Filter>
    </ClCompile>
    <ClCompile Include="..\ImGui\imgui.cpp">
      <Filter>98.Default\ImGui</Filter>
    </ClCompile>
    <ClCompile Include="..\ImGui\imgui_demo.cpp">
      <Filter>98.Default\ImGui</Filter>
    </ClCompile>
    <ClCompile Include="..\ImGui\imgui_draw.cpp">
      <Filter>98.Default\ImGui</Filter>
    </ClCompile>
    <ClCompile Include="..\ImGui\imgui_impl_dx11.cpp">
      <Filter>98.Default\ImGui</Filter>
    </ClCompile>
    <ClCompile Include="..\ImGui\imgui_impl_win32.cpp">
      <Filter>98.Default\ImGui</Filter>
    </ClCompile>
    <ClCompile Include="..\ImGui\imgui_tables.cpp">
      <Filter>98.Default\ImGui</Filter>
    </ClCompile>
    <ClCompile Include="..\ImGui\imgui_widgets.cpp">
      <Filter>98.Default\ImGui</Filter>
    </ClCompile>
    <ClCompile Include="..\Private\Terrain.cpp">
      <Filter>03.GameObjects\01.Environment\99.Terrain</Filter>
    </ClCompile>
    <ClCompile Include="..\Private\ImGui_Manager.cpp">
      <Filter>97.ImGui\00.Manager</Filter>
    </ClCompile>
    <ClCompile Include="..\Private\ImGui_Window.cpp">
      <Filter>97.ImGui\01.Windows</Filter>
    </ClCompile>
    <ClCompile Include="..\Private\ImGui_Window_Main_Controller.cpp">
      <Filter>97.ImGui\01.Windows\00.Main\00.Controller</Filter>
    </ClCompile>
    <ClCompile Include="..\Private\ImGui_Window_Main_Demo.cpp">
      <Filter>97.ImGui\01.Windows\99.Demo</Filter>
    </ClCompile>
    <ClCompile Include="..\Private\ImGui_Window_Main_Hierarachy.cpp">
      <Filter>97.ImGui\01.Windows\00.Main\02.Hierarachy</Filter>
    </ClCompile>
    <ClCompile Include="..\Private\ImGui_Window_Main_Object.cpp">
      <Filter>97.ImGui\01.Windows\00.Main\01.Object</Filter>
    </ClCompile>
    <ClCompile Include="..\Private\Camera_Debug.cpp">
      <Filter>03.GameObjects\00.Camera\00.Debug</Filter>
    </ClCompile>
    <ClCompile Include="..\private\BackGround.cpp">
      <Filter>03.GameObjects\10.UI\99.Proto</Filter>
    </ClCompile>
    <ClCompile Include="..\Private\Level_Stage_01.cpp">
      <Filter>02.Levels\01.Stage\Stage_01</Filter>
    </ClCompile>
    <ClCompile Include="..\Private\Level_Stage_02.cpp">
      <Filter>02.Levels\01.Stage\Stage_02</Filter>
    </ClCompile>
    <ClCompile Include="..\Private\Level_Stage_03.cpp">
      <Filter>02.Levels\01.Stage\Stage_03</Filter>
    </ClCompile>
    <ClCompile Include="..\Private\Level_Ending.cpp">
      <Filter>02.Levels\02.Ending</Filter>
    </ClCompile>
    <ClCompile Include="..\Private\Level_Proto.cpp">
      <Filter>02.Levels\98.Proto</Filter>
    </ClCompile>
    <ClCompile Include="..\Private\StaticDummy.cpp">
      <Filter>03.GameObjects\01.Environment\01.Static\00.StaticDummy</Filter>
    </ClCompile>
    <ClCompile Include="..\Private\Character.cpp">
      <Filter>03.GameObjects\03.Character</Filter>
    </ClCompile>
    <ClCompile Include="..\Private\Weapon.cpp">
      <Filter>03.GameObjects\04.Weapon</Filter>
    </ClCompile>
    <ClCompile Include="..\Private\Camera_Follow.cpp">
      <Filter>03.GameObjects\00.Camera\01.Follow</Filter>
    </ClCompile>
    <ClCompile Include="..\Private\Input.cpp">
      <Filter>03.GameObjects\03.Character\00.Player\01.Input</Filter>
    </ClCompile>
    <ClCompile Include="..\Private\State_Chai_Base.cpp">
      <Filter>03.GameObjects\03.Character\00.Player\02.Models\00.Chai\States\00.Base</Filter>
    </ClCompile>
    <ClCompile Include="..\Private\State_Chai_Damaged.cpp">
      <Filter>03.GameObjects\03.Character\00.Player\02.Models\00.Chai\States\03.Act\01.Damaged</Filter>
    </ClCompile>
    <ClCompile Include="..\Private\State_Chai_Dash.cpp">
      <Filter>03.GameObjects\03.Character\00.Player\02.Models\00.Chai\States\02.Move\01.Dash</Filter>
    </ClCompile>
    <ClCompile Include="..\Private\State_Chai_Run.cpp">
      <Filter>03.GameObjects\03.Character\00.Player\02.Models\00.Chai\States\02.Move\00.Run</Filter>
    </ClCompile>
    <ClCompile Include="..\Private\State_Chai_Attack.cpp">
      <Filter>03.GameObjects\03.Character\00.Player\02.Models\00.Chai\States\03.Act\00.Attack</Filter>
    </ClCompile>
    <ClCompile Include="..\Private\State_Chai_Jump.cpp">
      <Filter>03.GameObjects\03.Character\00.Player\02.Models\00.Chai\States\02.Move\02.Jump</Filter>
    </ClCompile>
    <ClCompile Include="..\Private\State_Chai_Parry.cpp">
      <Filter>03.GameObjects\03.Character\00.Player\02.Models\00.Chai\States\03.Act\02.Parry</Filter>
    </ClCompile>
    <ClCompile Include="..\Private\ImGui_Window_Sub_Com_Model.cpp">
      <Filter>97.ImGui\01.Windows\03.Sub\00.Object_Components\Anim</Filter>
    </ClCompile>
    <ClCompile Include="..\Private\Saber.cpp">
      <Filter>03.GameObjects\03.Character\01.Enemy\01.Saber\00.Model</Filter>
    </ClCompile>
    <ClCompile Include="..\Private\Enemy.cpp">
      <Filter>03.GameObjects\03.Character\01.Enemy</Filter>
    </ClCompile>
    <ClCompile Include="..\Private\Saber_Sword.cpp">
      <Filter>03.GameObjects\04.Weapon\01.Enemy\00.Saber_Sword</Filter>
    </ClCompile>
    <ClCompile Include="..\Private\Chai_Guitar_Explore.cpp">
      <Filter>03.GameObjects\04.Weapon\00.Player\00.Chai_Guitar_Explore</Filter>
    </ClCompile>
    <ClCompile Include="..\Private\ImGui_Window_Sub_Prefabs.cpp">
      <Filter>97.ImGui\01.Windows\03.Sub\01.Hierarachy_Prefabs</Filter>
    </ClCompile>
    <ClCompile Include="..\Private\ImGui_Window_Mid_Nav.cpp">
      <Filter>97.ImGui\01.Windows\01.Mid\00.Nav</Filter>
    </ClCompile>
    <ClCompile Include="..\Private\DebugDraw.cpp">
      <Filter>97.ImGui\99.DebugDraw</Filter>
    </ClCompile>
    <ClCompile Include="..\Private\SkyBox.cpp">
      <Filter>03.GameObjects\01.Environment\00.Sky\00.SkyBox</Filter>
    </ClCompile>
    <ClCompile Include="..\Private\SkySphere.cpp">
      <Filter>03.GameObjects\01.Environment\00.Sky\01.SkySphere</Filter>
    </ClCompile>
    <ClCompile Include="..\Private\ImGui_Window_Mid_Cam.cpp">
      <Filter>97.ImGui\01.Windows\01.Mid\01.Camera</Filter>
    </ClCompile>
    <ClCompile Include="..\Private\GameManager.cpp">
      <Filter>01.GameManager\00.GameManager</Filter>
    </ClCompile>
    <ClCompile Include="..\Private\BeatManager.cpp">
      <Filter>01.GameManager\01.BeatManager\00.Manager</Filter>
    </ClCompile>
    <ClCompile Include="..\Private\BattleManager.cpp">
      <Filter>01.GameManager\02.BattleManager\00.Manager</Filter>
    </ClCompile>
    <ClCompile Include="..\Private\Ui.cpp">
      <Filter>03.GameObjects\10.UI</Filter>
    </ClCompile>
    <ClCompile Include="..\Private\TriggerDummy.cpp">
      <Filter>03.GameObjects\09.Trigger\Trigger_Dummy</Filter>
    </ClCompile>
    <ClCompile Include="..\Private\TriggerBattle.cpp">
      <Filter>03.GameObjects\09.Trigger\Trigger_Battle</Filter>
    </ClCompile>
    <ClCompile Include="..\Private\TriggerSection_A.cpp">
      <Filter>03.GameObjects\09.Trigger\Trigger_Battle\00.Section_A</Filter>
    </ClCompile>
    <ClCompile Include="..\Private\State_Saber_Base.cpp">
      <Filter>03.GameObjects\03.Character\01.Enemy\01.Saber\01.States\00.Base</Filter>
    </ClCompile>
    <ClCompile Include="..\Private\State_Chai_Idle.cpp">
      <Filter>03.GameObjects\03.Character\00.Player\02.Models\00.Chai\States\01.Idle</Filter>
    </ClCompile>
    <ClCompile Include="..\Private\ImGui_Window_Sub_Com_Col.cpp">
      <Filter>97.ImGui\01.Windows\03.Sub\00.Object_Components\Collider</Filter>
    </ClCompile>
    <ClCompile Include="..\Private\ImGui_Window_Mid_Trigger.cpp">
      <Filter>97.ImGui\01.Windows\01.Mid\02.Trigger</Filter>
    </ClCompile>
    <ClCompile Include="..\Private\State_Saber_Move.cpp">
      <Filter>03.GameObjects\03.Character\01.Enemy\01.Saber\01.States\02.Move</Filter>
    </ClCompile>
    <ClCompile Include="..\Private\State_Saber_Idle.cpp">
      <Filter>03.GameObjects\03.Character\01.Enemy\01.Saber\01.States\01.Idle</Filter>
    </ClCompile>
    <ClCompile Include="..\Private\State_Saber_Appear.cpp">
      <Filter>03.GameObjects\03.Character\01.Enemy\01.Saber\01.States\03.Act\00.Appear</Filter>
    </ClCompile>
    <ClCompile Include="..\Private\State_Saber_Dead.cpp">
      <Filter>03.GameObjects\03.Character\01.Enemy\01.Saber\01.States\03.Act\02.Dead</Filter>
    </ClCompile>
    <ClCompile Include="..\Private\State_Saber_Damaged.cpp">
      <Filter>03.GameObjects\03.Character\01.Enemy\01.Saber\01.States\03.Act\01.Damaged</Filter>
    </ClCompile>
    <ClCompile Include="..\Private\State_Saber_Attack.cpp">
      <Filter>03.GameObjects\03.Character\01.Enemy\01.Saber\01.States\03.Act\03.Attack</Filter>
    </ClCompile>
    <ClCompile Include="..\Private\TriggerSection_B.cpp">
      <Filter>03.GameObjects\09.Trigger\Trigger_Battle\01.Section_B</Filter>
    </ClCompile>
    <ClCompile Include="..\Private\Blader.cpp">
      <Filter>03.GameObjects\03.Character\01.Enemy\03.Blader\00.Model</Filter>
    </ClCompile>
    <ClCompile Include="..\Private\State_Blader_Base.cpp">
      <Filter>03.GameObjects\03.Character\01.Enemy\03.Blader\01.States\00.Base</Filter>
    </ClCompile>
    <ClCompile Include="..\Private\State_Blader_Idle.cpp">
      <Filter>03.GameObjects\03.Character\01.Enemy\03.Blader\01.States\01.Idle</Filter>
    </ClCompile>
    <ClCompile Include="..\Private\State_Blader_Move.cpp">
      <Filter>03.GameObjects\03.Character\01.Enemy\03.Blader\01.States\02.Move</Filter>
    </ClCompile>
    <ClCompile Include="..\Private\State_Blader_Attack.cpp">
      <Filter>03.GameObjects\03.Character\01.Enemy\03.Blader\01.States\03.Atc\01.Attack</Filter>
    </ClCompile>
    <ClCompile Include="..\Private\State_Blader_Damaged.cpp">
      <Filter>03.GameObjects\03.Character\01.Enemy\03.Blader\01.States\03.Atc\02.Damaged</Filter>
    </ClCompile>
    <ClCompile Include="..\Private\State_Blader_ParryEvent.cpp">
      <Filter>03.GameObjects\03.Character\01.Enemy\03.Blader\01.States\03.Atc\03.ParryEvent</Filter>
    </ClCompile>
    <ClCompile Include="..\Private\State_Blader_Dead.cpp">
      <Filter>03.GameObjects\03.Character\01.Enemy\03.Blader\01.States\03.Atc\04.Dead</Filter>
    </ClCompile>
    <ClCompile Include="..\Private\State_Blader_Appear.cpp">
      <Filter>03.GameObjects\03.Character\01.Enemy\03.Blader\01.States\03.Atc\00.Appear</Filter>
    </ClCompile>
    <ClCompile Include="..\Private\Camera_Parry.cpp">
      <Filter>03.GameObjects\00.Camera\02.Event\00.Parry</Filter>
    </ClCompile>
    <ClCompile Include="..\Private\Blader_Arm.cpp">
      <Filter>03.GameObjects\04.Weapon\01.Enemy\01.Blader_Arm</Filter>
    </ClCompile>
    <ClCompile Include="..\Private\State_Chai_ParryEvent.cpp">
      <Filter>03.GameObjects\03.Character\00.Player\02.Models\00.Chai\States\03.Act\03.ParryEvent</Filter>
    </ClCompile>
    <ClCompile Include="..\Private\ImGui_Window_Mid_Ui.cpp">
      <Filter>97.ImGui\01.Windows\01.Mid\03.UI</Filter>
    </ClCompile>
    <ClCompile Include="..\Private\Ui_Parry_Result.cpp">
      <Filter>03.GameObjects\10.UI\01.Gimmick\00.Parry\00.Result</Filter>
    </ClCompile>
    <ClCompile Include="..\Private\Ui_Parry_Rhythm.cpp">
      <Filter>03.GameObjects\10.UI\01.Gimmick\00.Parry\01.Rhythm</Filter>
    </ClCompile>
    <ClCompile Include="..\Private\UiManager.cpp">
      <Filter>01.GameManager\03.UiManager</Filter>
    </ClCompile>
    <ClCompile Include="..\Private\Camera_Saber_Appear.cpp">
      <Filter>03.GameObjects\00.Camera\02.Event\99.Saber_Appear %28Not Used%29</Filter>
    </ClCompile>
    <ClCompile Include="..\Private\Ui_Fight_Logo.cpp">
      <Filter>03.GameObjects\10.UI\03.Fight</Filter>
    </ClCompile>
    <ClCompile Include="..\Private\Ui_Dialouge.cpp">
      <Filter>03.GameObjects\10.UI\02.Dialouge</Filter>
    </ClCompile>
    <ClCompile Include="..\Private\Ui_Hud_Boss.cpp">
      <Filter>03.GameObjects\10.UI\00.HUD\01.Hud_Boss</Filter>
    </ClCompile>
    <ClCompile Include="..\Private\Chai.cpp">
      <Filter>03.GameObjects\03.Character\00.Player\02.Models\00.Chai</Filter>
    </ClCompile>
    <ClCompile Include="..\Private\Peppermint.cpp">
      <Filter>03.GameObjects\03.Character\00.Player\02.Models\01.Peppermint</Filter>
    </ClCompile>
    <ClCompile Include="..\Private\Korsica.cpp">
      <Filter>03.GameObjects\03.Character\00.Player\02.Models\03.Korsica</Filter>
    </ClCompile>
    <ClCompile Include="..\Private\Macaron.cpp">
      <Filter>03.GameObjects\03.Character\00.Player\02.Models\02.Macaron</Filter>
    </ClCompile>
    <ClCompile Include="..\Private\Korsica_Stick.cpp">
      <Filter>03.GameObjects\04.Weapon\00.Player\02.Korsica_Stick</Filter>
    </ClCompile>
    <ClCompile Include="..\Private\Peppermint_Gun.cpp">
      <Filter>03.GameObjects\04.Weapon\00.Player\01.Peppermint_Gun</Filter>
    </ClCompile>
    <ClCompile Include="..\Private\PlayerController.cpp">
      <Filter>03.GameObjects\03.Character\00.Player\00.PlayerController</Filter>
    </ClCompile>
    <ClCompile Include="..\Private\State_Peppermint_Base.cpp">
      <Filter>03.GameObjects\03.Character\00.Player\02.Models\01.Peppermint\States\00.Base</Filter>
    </ClCompile>
    <ClCompile Include="..\Private\State_Korsica_Base.cpp">
      <Filter>03.GameObjects\03.Character\00.Player\02.Models\03.Korsica\States\00.Base</Filter>
    </ClCompile>
    <ClCompile Include="..\Private\State_Macaron_Base.cpp">
      <Filter>03.GameObjects\03.Character\00.Player\02.Models\02.Macaron\States\00.Base</Filter>
    </ClCompile>
    <ClCompile Include="..\Private\State_Peppermint_Gimmick.cpp">
      <Filter>03.GameObjects\03.Character\00.Player\02.Models\01.Peppermint\States\02.Gimmick</Filter>
    </ClCompile>
    <ClCompile Include="..\Private\State_Peppermint_Battle.cpp">
      <Filter>03.GameObjects\03.Character\00.Player\02.Models\01.Peppermint\States\01.Battle</Filter>
    </ClCompile>
    <ClCompile Include="..\Private\State_Macaron_Battle.cpp">
      <Filter>03.GameObjects\03.Character\00.Player\02.Models\02.Macaron\States\01.Battle</Filter>
    </ClCompile>
    <ClCompile Include="..\Private\State_Macaron_Gimmick.cpp">
      <Filter>03.GameObjects\03.Character\00.Player\02.Models\02.Macaron\States\02.Gimmick</Filter>
    </ClCompile>
    <ClCompile Include="..\Private\State_Korsica_Gimmick.cpp">
      <Filter>03.GameObjects\03.Character\00.Player\02.Models\03.Korsica\States\02.Gimmick</Filter>
    </ClCompile>
    <ClCompile Include="..\Private\State_Korsica_Battle.cpp">
      <Filter>03.GameObjects\03.Character\00.Player\02.Models\03.Korsica\States\01.Battle</Filter>
    </ClCompile>
    <ClCompile Include="..\Private\Peppermint_Bullet.cpp">
      <Filter>03.GameObjects\05.Projectile\00.Peppermint_Bullet</Filter>
    </ClCompile>
    <ClCompile Include="..\Private\Projectile.cpp">
      <Filter>03.GameObjects\05.Projectile</Filter>
    </ClCompile>
    <ClCompile Include="..\Private\Korsica_Wind.cpp">
      <Filter>03.GameObjects\05.Projectile\01.Korsica_Wind</Filter>
    </ClCompile>
    <ClCompile Include="..\Private\Ui_Hud.cpp">
      <Filter>03.GameObjects\10.UI\00.HUD\00.Player</Filter>
    </ClCompile>
    <ClCompile Include="..\Private\Ui_Gimmick_Peppermint_Aim.cpp">
      <Filter>03.GameObjects\10.UI\01.Gimmick\00.Peppermint\01.Aim</Filter>
    </ClCompile>
    <ClCompile Include="..\Private\Ui_Gimmick_Peppermint_Mark.cpp">
      <Filter>03.GameObjects\10.UI\01.Gimmick\00.Peppermint\00.Mark</Filter>
    </ClCompile>
    <ClCompile Include="..\Private\Ui_Gimmick_Peppermint_Target.cpp">
      <Filter>03.GameObjects\10.UI\01.Gimmick\00.Peppermint\02.Target %28Not Used%29</Filter>
    </ClCompile>
    <ClCompile Include="..\Private\Dynamic.cpp">
      <Filter>03.GameObjects\01.Environment\02.Dynamic\00.Dynamic</Filter>
    </ClCompile>
    <ClCompile Include="..\Private\Dynamic_Switch.cpp">
      <Filter>03.GameObjects\01.Environment\02.Dynamic\02.Switch</Filter>
    </ClCompile>
    <ClCompile Include="..\Private\Dynamic_Macaron_Wall.cpp">
      <Filter>03.GameObjects\01.Environment\02.Dynamic\03.Macaron_Wall</Filter>
    </ClCompile>
    <ClCompile Include="..\Private\ImGui_Window_Mid_Dynamic.cpp">
      <Filter>97.ImGui\01.Windows\01.Mid\04.Dynamic</Filter>
    </ClCompile>
    <ClCompile Include="..\Private\Camera_Peppermint_Gimmick_Aim.cpp">
      <Filter>03.GameObjects\00.Camera\02.Event\01.Peppermint_Gimmick\00.Aim</Filter>
    </ClCompile>
    <ClCompile Include="..\Private\Camera_Peppermint_Gimmick_Crane.cpp">
      <Filter>03.GameObjects\00.Camera\02.Event\01.Peppermint_Gimmick\01.Crane</Filter>
    </ClCompile>
    <ClCompile Include="..\Private\Dynamic_Crane.cpp">
      <Filter>03.GameObjects\01.Environment\02.Dynamic\01.Crane</Filter>
    </ClCompile>
    <ClCompile Include="..\Private\Camera_Macaron_Gimmick_Wall.cpp">
      <Filter>03.GameObjects\00.Camera\02.Event\02.Macaron_Gimmick\00.Wall</Filter>
    </ClCompile>
    <ClCompile Include="..\Private\Dynamic_Bridge.cpp">
      <Filter>03.GameObjects\01.Environment\02.Dynamic\04.Bridge</Filter>
    </ClCompile>
    <ClCompile Include="..\Private\Gunner.cpp">
      <Filter>03.GameObjects\03.Character\01.Enemy\02.Gunner\00.Model</Filter>
    </ClCompile>
    <ClCompile Include="..\Private\TriggerSection_C.cpp">
      <Filter>03.GameObjects\09.Trigger\Trigger_Battle\02.Section_C</Filter>
    </ClCompile>
    <ClCompile Include="..\Private\State_Gunner_Attack.cpp">
      <Filter>03.GameObjects\03.Character\01.Enemy\02.Gunner\01.States\03.Act\03.Attack</Filter>
    </ClCompile>
    <ClCompile Include="..\Private\State_Gunner_Base.cpp">
      <Filter>03.GameObjects\03.Character\01.Enemy\02.Gunner\01.States\00.Base</Filter>
    </ClCompile>
    <ClCompile Include="..\Private\State_Gunner_Damaged.cpp">
      <Filter>03.GameObjects\03.Character\01.Enemy\02.Gunner\01.States\03.Act\01.Damaged</Filter>
    </ClCompile>
    <ClCompile Include="..\Private\State_Gunner_Dead.cpp">
      <Filter>03.GameObjects\03.Character\01.Enemy\02.Gunner\01.States\03.Act\02.Dead</Filter>
    </ClCompile>
    <ClCompile Include="..\Private\State_Gunner_Idle.cpp">
      <Filter>03.GameObjects\03.Character\01.Enemy\02.Gunner\01.States\01.Idle</Filter>
    </ClCompile>
    <ClCompile Include="..\Private\State_Gunner_Move.cpp">
      <Filter>03.GameObjects\03.Character\01.Enemy\02.Gunner\01.States\02.Move</Filter>
    </ClCompile>
    <ClCompile Include="..\Private\State_Gunner_NonCombat.cpp">
      <Filter>03.GameObjects\03.Character\01.Enemy\02.Gunner\01.States\03.Act\00.NonCombat</Filter>
    </ClCompile>
    <ClCompile Include="..\Private\State_Chai_SpecialAttack.cpp">
      <Filter>03.GameObjects\03.Character\00.Player\02.Models\00.Chai\States\03.Act\04.Special</Filter>
    </ClCompile>
    <ClCompile Include="..\Private\Ui_SpecialAttack.cpp">
      <Filter>03.GameObjects\10.UI\04.SpecialAttack</Filter>
    </ClCompile>
    <ClCompile Include="..\Private\Dynamic_AutoDoor.cpp">
      <Filter>03.GameObjects\01.Environment\02.Dynamic\05.AutoDoor</Filter>
    </ClCompile>
    <ClCompile Include="..\Private\Effect.cpp">
      <Filter>03.GameObjects\11.Effect\01.Effects</Filter>
    </ClCompile>
    <ClCompile Include="..\Private\Effect_Trail_Sword.cpp">
      <Filter>03.GameObjects\11.Effect\01.Effects\00.Trail_Sword</Filter>
    </ClCompile>
    <ClCompile Include="..\Private\EffectManager.cpp">
      <Filter>03.GameObjects\11.Effect\00.Manager</Filter>
    </ClCompile>
    <ClCompile Include="..\Private\Effect_Damaged_Enemy.cpp">
      <Filter>03.GameObjects\11.Effect\01.Effects\01.Damaged_Enemy</Filter>
    </ClCompile>
    <ClCompile Include="..\Private\Effect_Explosion_Enemy.cpp">
      <Filter>03.GameObjects\11.Effect\01.Effects\02.Explosion_Enemy</Filter>
    </ClCompile>
    <ClCompile Include="..\Private\Effect_Projectile_Peppermint.cpp">
      <Filter>03.GameObjects\11.Effect\01.Effects\03.Projectile_Peppermint</Filter>
    </ClCompile>
  </ItemGroup>
  <ItemGroup>
    <Image Include="Client.ico">
      <Filter>98.Default\NotUsed</Filter>
    </Image>
    <Image Include="small.ico">
      <Filter>98.Default\NotUsed</Filter>
    </Image>
  </ItemGroup>
  <ItemGroup>
    <FxCompile Include="..\Bin\ShaderFiles\Shader_VtxPosTex.hlsl">
      <Filter>96.ShaderFiles</Filter>
    </FxCompile>
    <FxCompile Include="..\Bin\ShaderFiles\Shader_VtxNorTex.hlsl">
      <Filter>96.ShaderFiles</Filter>
    </FxCompile>
    <FxCompile Include="..\Bin\ShaderFiles\Shader_VtxMesh.hlsl">
      <Filter>96.ShaderFiles</Filter>
    </FxCompile>
    <FxCompile Include="..\Bin\ShaderFiles\Shader_VTF.hlsl">
      <Filter>96.ShaderFiles</Filter>
    </FxCompile>
    <FxCompile Include="..\Bin\ShaderFiles\Shader_VtxCube.hlsl">
      <Filter>96.ShaderFiles</Filter>
    </FxCompile>
    <FxCompile Include="..\Bin\ShaderFiles\Shader_VtxSkySphere.hlsl">
      <Filter>96.ShaderFiles</Filter>
    </FxCompile>
    <FxCompile Include="..\Bin\ShaderFiles\Shader_Ui_Hud.hlsl">
      <Filter>96.ShaderFiles</Filter>
    </FxCompile>
    <FxCompile Include="..\Bin\ShaderFiles\Shader_Effect_Tex.hlsl">
      <Filter>96.ShaderFiles</Filter>
    </FxCompile>
    <FxCompile Include="..\Bin\ShaderFiles\Shader_Effect_Mesh.hlsl">
      <Filter>96.ShaderFiles</Filter>
    </FxCompile>
  </ItemGroup>
  <ItemGroup>
    <ResourceCompile Include="Client.rc">
      <Filter>98.Default\NotUsed</Filter>
    </ResourceCompile>
  </ItemGroup>
  <ItemGroup>
    <Text Include="ReadMe.txt">
      <Filter>98.Default\NotUsed</Filter>
    </Text>
  </ItemGroup>
</Project>